// !$*UTF8*$!
{
	archiveVersion = 1;
	classes = {
	};
	objectVersion = 46;
	objects = {

/* Begin PBXBuildFile section */
		F114D270190716C00008BE3C /* PCFPushURLConnection.m in Sources */ = {isa = PBXBuildFile; fileRef = F114D26E190716C00008BE3C /* PCFPushURLConnection.m */; };
		F114D27B190866280008BE3C /* PCFPushClient.m in Sources */ = {isa = PBXBuildFile; fileRef = F114D27A190866280008BE3C /* PCFPushClient.m */; };
		F146CBCD18EF2EBA00D73783 /* PCFAnalytics.m in Sources */ = {isa = PBXBuildFile; fileRef = F146CBCC18EF2EBA00D73783 /* PCFAnalytics.m */; };
		F146CBD018EF2EC300D73783 /* PCFJSONValueTransformer.m in Sources */ = {isa = PBXBuildFile; fileRef = F146CBCE18EF2EC300D73783 /* PCFJSONValueTransformer.m */; };
		F18D8A0218E5D66D0084D142 /* PCFPushAppDelegate.m in Sources */ = {isa = PBXBuildFile; fileRef = F18D89DC18E5D66D0084D142 /* PCFPushAppDelegate.m */; };
		F18D8A0318E5D66D0084D142 /* PCFPushAppDelegateProxy.m in Sources */ = {isa = PBXBuildFile; fileRef = F18D89DE18E5D66D0084D142 /* PCFPushAppDelegateProxy.m */; };
		F18D8A0418E5D66D0084D142 /* NSURLConnection+PCFPushBackEndConnection.m in Sources */ = {isa = PBXBuildFile; fileRef = F18D89E118E5D66D0084D142 /* NSURLConnection+PCFPushBackEndConnection.m */; };
		F18D8A0618E5D66D0084D142 /* PCFCoreDataManager.m in Sources */ = {isa = PBXBuildFile; fileRef = F18D89E618E5D66D0084D142 /* PCFCoreDataManager.m */; };
		F18D8A0718E5D66D0084D142 /* PCFPushParameters.m in Sources */ = {isa = PBXBuildFile; fileRef = F18D89E818E5D66D0084D142 /* PCFPushParameters.m */; };
		F18D8A0818E5D66D0084D142 /* PCFPushRegistrationData.m in Sources */ = {isa = PBXBuildFile; fileRef = F18D89EA18E5D66D0084D142 /* PCFPushRegistrationData.m */; };
		F18D8A0918E5D66D0084D142 /* PCFPushRegistrationRequestData.m in Sources */ = {isa = PBXBuildFile; fileRef = F18D89EC18E5D66D0084D142 /* PCFPushRegistrationRequestData.m */; };
		F18D8A0A18E5D66D0084D142 /* PCFPushRegistrationResponseData.m in Sources */ = {isa = PBXBuildFile; fileRef = F18D89EE18E5D66D0084D142 /* PCFPushRegistrationResponseData.m */; };
		F18D8A0B18E5D66D0084D142 /* PCFPushSDK.m in Sources */ = {isa = PBXBuildFile; fileRef = F18D89F018E5D66D0084D142 /* PCFPushSDK.m */; };
		F18D8A0C18E5D66D0084D142 /* PCFPushPersistentStorage.m in Sources */ = {isa = PBXBuildFile; fileRef = F18D89F318E5D66D0084D142 /* PCFPushPersistentStorage.m */; };
		F18D8A0D18E5D66D0084D142 /* PCFPushDebug.m in Sources */ = {isa = PBXBuildFile; fileRef = F18D89FB18E5D66D0084D142 /* PCFPushDebug.m */; };
		F18D8A0E18E5D66D0084D142 /* PCFPushErrorUtil.m in Sources */ = {isa = PBXBuildFile; fileRef = F18D89FD18E5D66D0084D142 /* PCFPushErrorUtil.m */; };
		F18D8A0F18E5D66D0084D142 /* PCFPushHardwareUtil.m in Sources */ = {isa = PBXBuildFile; fileRef = F18D89FF18E5D66D0084D142 /* PCFPushHardwareUtil.m */; };
		F18D8A1018E5D66D0084D142 /* PCFPushHexUtil.m in Sources */ = {isa = PBXBuildFile; fileRef = F18D8A0118E5D66D0084D142 /* PCFPushHexUtil.m */; };
		F18D8A3118EC89DB0084D142 /* PCFAnalyticEvent.m in Sources */ = {isa = PBXBuildFile; fileRef = F18D8A2D18EC89DB0084D142 /* PCFAnalyticEvent.m */; };
		F18D8A3218EC89DB0084D142 /* NSObject+PCFPushJsonizable.m in Sources */ = {isa = PBXBuildFile; fileRef = F18D8A2F18EC89DB0084D142 /* NSObject+PCFPushJsonizable.m */; };
		F1FDE1B218D7806B009EBE38 /* InfoPlist.strings in Resources */ = {isa = PBXBuildFile; fileRef = F1FDE1B018D7806B009EBE38 /* InfoPlist.strings */; };
		F1FDE1B418D7806B009EBE38 /* main.m in Sources */ = {isa = PBXBuildFile; fileRef = F1FDE1B318D7806B009EBE38 /* main.m */; };
		F1FDE1B818D7806B009EBE38 /* AppDelegate.m in Sources */ = {isa = PBXBuildFile; fileRef = F1FDE1B718D7806B009EBE38 /* AppDelegate.m */; };
		F1FDE1C018D7806B009EBE38 /* Images.xcassets in Resources */ = {isa = PBXBuildFile; fileRef = F1FDE1BF18D7806B009EBE38 /* Images.xcassets */; };
		F1FDE1EF18D78115009EBE38 /* LogItem.m in Sources */ = {isa = PBXBuildFile; fileRef = F1FDE1DF18D78115009EBE38 /* LogItem.m */; };
		F1FDE1F018D78115009EBE38 /* BackEndMessageRequest.m in Sources */ = {isa = PBXBuildFile; fileRef = F1FDE1E218D78115009EBE38 /* BackEndMessageRequest.m */; };
		F1FDE1F118D78115009EBE38 /* Settings.m in Sources */ = {isa = PBXBuildFile; fileRef = F1FDE1E518D78115009EBE38 /* Settings.m */; };
		F1FDE1F218D78115009EBE38 /* LogTableViewController.m in Sources */ = {isa = PBXBuildFile; fileRef = F1FDE1E818D78115009EBE38 /* LogTableViewController.m */; };
		F1FDE1F318D78115009EBE38 /* SettingsTableViewController.m in Sources */ = {isa = PBXBuildFile; fileRef = F1FDE1EA18D78115009EBE38 /* SettingsTableViewController.m */; };
		F1FDE1F418D78115009EBE38 /* LogItemCell.m in Sources */ = {isa = PBXBuildFile; fileRef = F1FDE1ED18D78115009EBE38 /* LogItemCell.m */; };
		F1FDE1F518D78115009EBE38 /* LogItemCell.xib in Resources */ = {isa = PBXBuildFile; fileRef = F1FDE1EE18D78115009EBE38 /* LogItemCell.xib */; };
		F1FDE29E18D795C0009EBE38 /* Main_iPhone.storyboard in Resources */ = {isa = PBXBuildFile; fileRef = F1FDE29D18D795C0009EBE38 /* Main_iPhone.storyboard */; };
/* End PBXBuildFile section */

/* Begin PBXFileReference section */
		F114D26E190716C00008BE3C /* PCFPushURLConnection.m */ = {isa = PBXFileReference; fileEncoding = 4; lastKnownFileType = sourcecode.c.objc; path = PCFPushURLConnection.m; sourceTree = "<group>"; };
		F114D26F190716C00008BE3C /* PCFPushURLConnection.h */ = {isa = PBXFileReference; fileEncoding = 4; lastKnownFileType = sourcecode.c.h; path = PCFPushURLConnection.h; sourceTree = "<group>"; };
		F114D279190866280008BE3C /* PCFPushClient.h */ = {isa = PBXFileReference; fileEncoding = 4; lastKnownFileType = sourcecode.c.h; path = PCFPushClient.h; sourceTree = "<group>"; };
		F114D27A190866280008BE3C /* PCFPushClient.m */ = {isa = PBXFileReference; fileEncoding = 4; lastKnownFileType = sourcecode.c.objc; path = PCFPushClient.m; sourceTree = "<group>"; };
		F146CBCB18EF2EBA00D73783 /* PCFAnalytics.h */ = {isa = PBXFileReference; fileEncoding = 4; lastKnownFileType = sourcecode.c.h; path = PCFAnalytics.h; sourceTree = "<group>"; };
		F146CBCC18EF2EBA00D73783 /* PCFAnalytics.m */ = {isa = PBXFileReference; fileEncoding = 4; lastKnownFileType = sourcecode.c.objc; path = PCFAnalytics.m; sourceTree = "<group>"; };
		F146CBCE18EF2EC300D73783 /* PCFJSONValueTransformer.m */ = {isa = PBXFileReference; fileEncoding = 4; lastKnownFileType = sourcecode.c.objc; path = PCFJSONValueTransformer.m; sourceTree = "<group>"; };
		F146CBCF18EF2EC300D73783 /* PCFJSONValueTransformer.h */ = {isa = PBXFileReference; fileEncoding = 4; lastKnownFileType = sourcecode.c.h; path = PCFJSONValueTransformer.h; sourceTree = "<group>"; };
		F18D89DB18E5D66D0084D142 /* PCFPushAppDelegate.h */ = {isa = PBXFileReference; fileEncoding = 4; lastKnownFileType = sourcecode.c.h; path = PCFPushAppDelegate.h; sourceTree = "<group>"; };
		F18D89DC18E5D66D0084D142 /* PCFPushAppDelegate.m */ = {isa = PBXFileReference; fileEncoding = 4; lastKnownFileType = sourcecode.c.objc; path = PCFPushAppDelegate.m; sourceTree = "<group>"; };
		F18D89DD18E5D66D0084D142 /* PCFPushAppDelegateProxy.h */ = {isa = PBXFileReference; fileEncoding = 4; lastKnownFileType = sourcecode.c.h; path = PCFPushAppDelegateProxy.h; sourceTree = "<group>"; };
		F18D89DE18E5D66D0084D142 /* PCFPushAppDelegateProxy.m */ = {isa = PBXFileReference; fileEncoding = 4; lastKnownFileType = sourcecode.c.objc; path = PCFPushAppDelegateProxy.m; sourceTree = "<group>"; };
		F18D89E018E5D66D0084D142 /* NSURLConnection+PCFPushBackEndConnection.h */ = {isa = PBXFileReference; fileEncoding = 4; lastKnownFileType = sourcecode.c.h; path = "NSURLConnection+PCFPushBackEndConnection.h"; sourceTree = "<group>"; };
		F18D89E118E5D66D0084D142 /* NSURLConnection+PCFPushBackEndConnection.m */ = {isa = PBXFileReference; fileEncoding = 4; lastKnownFileType = sourcecode.c.objc; path = "NSURLConnection+PCFPushBackEndConnection.m"; sourceTree = "<group>"; };
		F18D89E518E5D66D0084D142 /* PCFCoreDataManager.h */ = {isa = PBXFileReference; fileEncoding = 4; lastKnownFileType = sourcecode.c.h; path = PCFCoreDataManager.h; sourceTree = "<group>"; };
		F18D89E618E5D66D0084D142 /* PCFCoreDataManager.m */ = {isa = PBXFileReference; fileEncoding = 4; lastKnownFileType = sourcecode.c.objc; path = PCFCoreDataManager.m; sourceTree = "<group>"; };
		F18D89E718E5D66D0084D142 /* PCFPushParameters.h */ = {isa = PBXFileReference; fileEncoding = 4; lastKnownFileType = sourcecode.c.h; path = PCFPushParameters.h; sourceTree = "<group>"; };
		F18D89E818E5D66D0084D142 /* PCFPushParameters.m */ = {isa = PBXFileReference; fileEncoding = 4; lastKnownFileType = sourcecode.c.objc; path = PCFPushParameters.m; sourceTree = "<group>"; };
		F18D89E918E5D66D0084D142 /* PCFPushRegistrationData.h */ = {isa = PBXFileReference; fileEncoding = 4; lastKnownFileType = sourcecode.c.h; path = PCFPushRegistrationData.h; sourceTree = "<group>"; };
		F18D89EA18E5D66D0084D142 /* PCFPushRegistrationData.m */ = {isa = PBXFileReference; fileEncoding = 4; lastKnownFileType = sourcecode.c.objc; path = PCFPushRegistrationData.m; sourceTree = "<group>"; };
		F18D89EB18E5D66D0084D142 /* PCFPushRegistrationRequestData.h */ = {isa = PBXFileReference; fileEncoding = 4; lastKnownFileType = sourcecode.c.h; path = PCFPushRegistrationRequestData.h; sourceTree = "<group>"; };
		F18D89EC18E5D66D0084D142 /* PCFPushRegistrationRequestData.m */ = {isa = PBXFileReference; fileEncoding = 4; lastKnownFileType = sourcecode.c.objc; path = PCFPushRegistrationRequestData.m; sourceTree = "<group>"; };
		F18D89ED18E5D66D0084D142 /* PCFPushRegistrationResponseData.h */ = {isa = PBXFileReference; fileEncoding = 4; lastKnownFileType = sourcecode.c.h; path = PCFPushRegistrationResponseData.h; sourceTree = "<group>"; };
		F18D89EE18E5D66D0084D142 /* PCFPushRegistrationResponseData.m */ = {isa = PBXFileReference; fileEncoding = 4; lastKnownFileType = sourcecode.c.objc; path = PCFPushRegistrationResponseData.m; sourceTree = "<group>"; };
		F18D89EF18E5D66D0084D142 /* PCFPushSDK.h */ = {isa = PBXFileReference; fileEncoding = 4; lastKnownFileType = sourcecode.c.h; path = PCFPushSDK.h; sourceTree = "<group>"; };
		F18D89F018E5D66D0084D142 /* PCFPushSDK.m */ = {isa = PBXFileReference; fileEncoding = 4; lastKnownFileType = sourcecode.c.objc; path = PCFPushSDK.m; sourceTree = "<group>"; };
		F18D89F218E5D66D0084D142 /* PCFPushPersistentStorage.h */ = {isa = PBXFileReference; fileEncoding = 4; lastKnownFileType = sourcecode.c.h; path = PCFPushPersistentStorage.h; sourceTree = "<group>"; };
		F18D89F318E5D66D0084D142 /* PCFPushPersistentStorage.m */ = {isa = PBXFileReference; fileEncoding = 4; lastKnownFileType = sourcecode.c.objc; path = PCFPushPersistentStorage.m; sourceTree = "<group>"; };
		F18D89F818E5D66D0084D142 /* PCFPushErrors.h */ = {isa = PBXFileReference; fileEncoding = 4; lastKnownFileType = sourcecode.c.h; path = PCFPushErrors.h; sourceTree = "<group>"; };
		F18D89FA18E5D66D0084D142 /* PCFPushDebug.h */ = {isa = PBXFileReference; fileEncoding = 4; lastKnownFileType = sourcecode.c.h; path = PCFPushDebug.h; sourceTree = "<group>"; };
		F18D89FB18E5D66D0084D142 /* PCFPushDebug.m */ = {isa = PBXFileReference; fileEncoding = 4; lastKnownFileType = sourcecode.c.objc; path = PCFPushDebug.m; sourceTree = "<group>"; };
		F18D89FC18E5D66D0084D142 /* PCFPushErrorUtil.h */ = {isa = PBXFileReference; fileEncoding = 4; lastKnownFileType = sourcecode.c.h; path = PCFPushErrorUtil.h; sourceTree = "<group>"; };
		F18D89FD18E5D66D0084D142 /* PCFPushErrorUtil.m */ = {isa = PBXFileReference; fileEncoding = 4; lastKnownFileType = sourcecode.c.objc; path = PCFPushErrorUtil.m; sourceTree = "<group>"; };
		F18D89FE18E5D66D0084D142 /* PCFPushHardwareUtil.h */ = {isa = PBXFileReference; fileEncoding = 4; lastKnownFileType = sourcecode.c.h; path = PCFPushHardwareUtil.h; sourceTree = "<group>"; };
		F18D89FF18E5D66D0084D142 /* PCFPushHardwareUtil.m */ = {isa = PBXFileReference; fileEncoding = 4; lastKnownFileType = sourcecode.c.objc; path = PCFPushHardwareUtil.m; sourceTree = "<group>"; };
		F18D8A0018E5D66D0084D142 /* PCFPushHexUtil.h */ = {isa = PBXFileReference; fileEncoding = 4; lastKnownFileType = sourcecode.c.h; path = PCFPushHexUtil.h; sourceTree = "<group>"; };
		F18D8A0118E5D66D0084D142 /* PCFPushHexUtil.m */ = {isa = PBXFileReference; fileEncoding = 4; lastKnownFileType = sourcecode.c.objc; path = PCFPushHexUtil.m; sourceTree = "<group>"; };
		F18D8A2C18EC89C40084D142 /* PCFPushMapping.h */ = {isa = PBXFileReference; fileEncoding = 4; lastKnownFileType = sourcecode.c.h; path = PCFPushMapping.h; sourceTree = "<group>"; };
		F18D8A2D18EC89DB0084D142 /* PCFAnalyticEvent.m */ = {isa = PBXFileReference; fileEncoding = 4; lastKnownFileType = sourcecode.c.objc; path = PCFAnalyticEvent.m; sourceTree = "<group>"; };
		F18D8A2E18EC89DB0084D142 /* PCFAnalyticEvent.h */ = {isa = PBXFileReference; fileEncoding = 4; lastKnownFileType = sourcecode.c.h; path = PCFAnalyticEvent.h; sourceTree = "<group>"; };
		F18D8A2F18EC89DB0084D142 /* NSObject+PCFPushJsonizable.m */ = {isa = PBXFileReference; fileEncoding = 4; lastKnownFileType = sourcecode.c.objc; path = "NSObject+PCFPushJsonizable.m"; sourceTree = "<group>"; };
		F18D8A3018EC89DB0084D142 /* NSObject+PCFPushJsonizable.h */ = {isa = PBXFileReference; fileEncoding = 4; lastKnownFileType = sourcecode.c.h; path = "NSObject+PCFPushJsonizable.h"; sourceTree = "<group>"; };
		F1E5D1FB18EDAB9C007E8802 /* PCFSortDescriptors.h */ = {isa = PBXFileReference; fileEncoding = 4; lastKnownFileType = sourcecode.c.h; path = PCFSortDescriptors.h; sourceTree = "<group>"; };
		F1FDE1A418D7806B009EBE38 /* PushSDKDemo.app */ = {isa = PBXFileReference; explicitFileType = wrapper.application; includeInIndex = 0; path = PushSDKDemo.app; sourceTree = BUILT_PRODUCTS_DIR; };
		F1FDE1AF18D7806B009EBE38 /* PushSDKDemo-Info.plist */ = {isa = PBXFileReference; lastKnownFileType = text.plist.xml; path = "PushSDKDemo-Info.plist"; sourceTree = "<group>"; };
		F1FDE1B118D7806B009EBE38 /* en */ = {isa = PBXFileReference; lastKnownFileType = text.plist.strings; name = en; path = en.lproj/InfoPlist.strings; sourceTree = "<group>"; };
		F1FDE1B318D7806B009EBE38 /* main.m */ = {isa = PBXFileReference; lastKnownFileType = sourcecode.c.objc; path = main.m; sourceTree = "<group>"; };
		F1FDE1B518D7806B009EBE38 /* PushSDKDemo-Prefix.pch */ = {isa = PBXFileReference; lastKnownFileType = sourcecode.c.h; path = "PushSDKDemo-Prefix.pch"; sourceTree = "<group>"; };
		F1FDE1B618D7806B009EBE38 /* AppDelegate.h */ = {isa = PBXFileReference; lastKnownFileType = sourcecode.c.h; path = AppDelegate.h; sourceTree = "<group>"; };
		F1FDE1B718D7806B009EBE38 /* AppDelegate.m */ = {isa = PBXFileReference; lastKnownFileType = sourcecode.c.objc; path = AppDelegate.m; sourceTree = "<group>"; };
		F1FDE1BF18D7806B009EBE38 /* Images.xcassets */ = {isa = PBXFileReference; lastKnownFileType = folder.assetcatalog; path = Images.xcassets; sourceTree = "<group>"; };
		F1FDE1DE18D78115009EBE38 /* LogItem.h */ = {isa = PBXFileReference; fileEncoding = 4; lastKnownFileType = sourcecode.c.h; path = LogItem.h; sourceTree = "<group>"; };
		F1FDE1DF18D78115009EBE38 /* LogItem.m */ = {isa = PBXFileReference; fileEncoding = 4; lastKnownFileType = sourcecode.c.objc; path = LogItem.m; sourceTree = "<group>"; };
		F1FDE1E118D78115009EBE38 /* BackEndMessageRequest.h */ = {isa = PBXFileReference; fileEncoding = 4; lastKnownFileType = sourcecode.c.h; path = BackEndMessageRequest.h; sourceTree = "<group>"; };
		F1FDE1E218D78115009EBE38 /* BackEndMessageRequest.m */ = {isa = PBXFileReference; fileEncoding = 4; lastKnownFileType = sourcecode.c.objc; path = BackEndMessageRequest.m; sourceTree = "<group>"; };
		F1FDE1E418D78115009EBE38 /* Settings.h */ = {isa = PBXFileReference; fileEncoding = 4; lastKnownFileType = sourcecode.c.h; path = Settings.h; sourceTree = "<group>"; };
		F1FDE1E518D78115009EBE38 /* Settings.m */ = {isa = PBXFileReference; fileEncoding = 4; lastKnownFileType = sourcecode.c.objc; path = Settings.m; sourceTree = "<group>"; };
		F1FDE1E718D78115009EBE38 /* LogTableViewController.h */ = {isa = PBXFileReference; fileEncoding = 4; lastKnownFileType = sourcecode.c.h; path = LogTableViewController.h; sourceTree = "<group>"; };
		F1FDE1E818D78115009EBE38 /* LogTableViewController.m */ = {isa = PBXFileReference; fileEncoding = 4; lastKnownFileType = sourcecode.c.objc; path = LogTableViewController.m; sourceTree = "<group>"; };
		F1FDE1E918D78115009EBE38 /* SettingsTableViewController.h */ = {isa = PBXFileReference; fileEncoding = 4; lastKnownFileType = sourcecode.c.h; path = SettingsTableViewController.h; sourceTree = "<group>"; };
		F1FDE1EA18D78115009EBE38 /* SettingsTableViewController.m */ = {isa = PBXFileReference; fileEncoding = 4; lastKnownFileType = sourcecode.c.objc; path = SettingsTableViewController.m; sourceTree = "<group>"; };
		F1FDE1EC18D78115009EBE38 /* LogItemCell.h */ = {isa = PBXFileReference; fileEncoding = 4; lastKnownFileType = sourcecode.c.h; path = LogItemCell.h; sourceTree = "<group>"; };
		F1FDE1ED18D78115009EBE38 /* LogItemCell.m */ = {isa = PBXFileReference; fileEncoding = 4; lastKnownFileType = sourcecode.c.objc; path = LogItemCell.m; sourceTree = "<group>"; };
		F1FDE1EE18D78115009EBE38 /* LogItemCell.xib */ = {isa = PBXFileReference; fileEncoding = 4; lastKnownFileType = file.xib; path = LogItemCell.xib; sourceTree = "<group>"; };
		F1FDE29D18D795C0009EBE38 /* Main_iPhone.storyboard */ = {isa = PBXFileReference; fileEncoding = 4; lastKnownFileType = file.storyboard; path = Main_iPhone.storyboard; sourceTree = "<group>"; };
/* End PBXFileReference section */

/* Begin PBXFrameworksBuildPhase section */
		F1FDE1A118D7806B009EBE38 /* Frameworks */ = {
			isa = PBXFrameworksBuildPhase;
			buildActionMask = 2147483647;
			files = (
			);
			runOnlyForDeploymentPostprocessing = 0;
		};
/* End PBXFrameworksBuildPhase section */

/* Begin PBXGroup section */
		F146CBCA18EF2EBA00D73783 /* Analytics */ = {
			isa = PBXGroup;
			children = (
				F146CBCB18EF2EBA00D73783 /* PCFAnalytics.h */,
				F146CBCC18EF2EBA00D73783 /* PCFAnalytics.m */,
			);
			path = Analytics;
			sourceTree = "<group>";
		};
		F18D89D918E5D66D0084D142 /* PCFPush */ = {
			isa = PBXGroup;
			children = (
				F114D279190866280008BE3C /* PCFPushClient.h */,
				F114D27A190866280008BE3C /* PCFPushClient.m */,
				F146CBCA18EF2EBA00D73783 /* Analytics */,
				F18D89DA18E5D66D0084D142 /* App */,
				F18D89DF18E5D66D0084D142 /* Back End */,
				F18D89E218E5D66D0084D142 /* Models */,
				F18D89EF18E5D66D0084D142 /* PCFPushSDK.h */,
				F18D89F018E5D66D0084D142 /* PCFPushSDK.m */,
				F18D89F118E5D66D0084D142 /* Persistent Storage */,
				F18D89F418E5D66D0084D142 /* Protocols */,
				F18D89F718E5D66D0084D142 /* Public Headers */,
				F18D89F918E5D66D0084D142 /* Util */,
			);
			name = PCFPush;
			path = ../PCFPush;
			sourceTree = "<group>";
		};
		F18D89DA18E5D66D0084D142 /* App */ = {
			isa = PBXGroup;
			children = (
				F18D89DB18E5D66D0084D142 /* PCFPushAppDelegate.h */,
				F18D89DC18E5D66D0084D142 /* PCFPushAppDelegate.m */,
				F18D89DD18E5D66D0084D142 /* PCFPushAppDelegateProxy.h */,
				F18D89DE18E5D66D0084D142 /* PCFPushAppDelegateProxy.m */,
			);
			path = App;
			sourceTree = "<group>";
		};
		F18D89DF18E5D66D0084D142 /* Back End */ = {
			isa = PBXGroup;
			children = (
				F114D26E190716C00008BE3C /* PCFPushURLConnection.m */,
				F114D26F190716C00008BE3C /* PCFPushURLConnection.h */,
				F18D89E018E5D66D0084D142 /* NSURLConnection+PCFPushBackEndConnection.h */,
				F18D89E118E5D66D0084D142 /* NSURLConnection+PCFPushBackEndConnection.m */,
			);
			path = "Back End";
			sourceTree = "<group>";
		};
		F18D89E218E5D66D0084D142 /* Models */ = {
			isa = PBXGroup;
			children = (
				F18D8A2D18EC89DB0084D142 /* PCFAnalyticEvent.m */,
				F18D8A2E18EC89DB0084D142 /* PCFAnalyticEvent.h */,
				F18D8A2F18EC89DB0084D142 /* NSObject+PCFPushJsonizable.m */,
				F18D8A3018EC89DB0084D142 /* NSObject+PCFPushJsonizable.h */,
				F18D89E518E5D66D0084D142 /* PCFCoreDataManager.h */,
				F18D89E618E5D66D0084D142 /* PCFCoreDataManager.m */,
				F18D89E718E5D66D0084D142 /* PCFPushParameters.h */,
				F18D89E818E5D66D0084D142 /* PCFPushParameters.m */,
				F18D89E918E5D66D0084D142 /* PCFPushRegistrationData.h */,
				F18D89EA18E5D66D0084D142 /* PCFPushRegistrationData.m */,
				F18D89EB18E5D66D0084D142 /* PCFPushRegistrationRequestData.h */,
				F18D89EC18E5D66D0084D142 /* PCFPushRegistrationRequestData.m */,
				F18D89ED18E5D66D0084D142 /* PCFPushRegistrationResponseData.h */,
				F18D89EE18E5D66D0084D142 /* PCFPushRegistrationResponseData.m */,
			);
			path = Models;
			sourceTree = "<group>";
		};
		F18D89F118E5D66D0084D142 /* Persistent Storage */ = {
			isa = PBXGroup;
			children = (
				F18D89F218E5D66D0084D142 /* PCFPushPersistentStorage.h */,
				F18D89F318E5D66D0084D142 /* PCFPushPersistentStorage.m */,
			);
			path = "Persistent Storage";
			sourceTree = "<group>";
		};
		F18D89F418E5D66D0084D142 /* Protocols */ = {
			isa = PBXGroup;
			children = (
				F1E5D1FB18EDAB9C007E8802 /* PCFSortDescriptors.h */,
				F18D8A2C18EC89C40084D142 /* PCFPushMapping.h */,
			);
			path = Protocols;
			sourceTree = "<group>";
		};
		F18D89F718E5D66D0084D142 /* Public Headers */ = {
			isa = PBXGroup;
			children = (
				F18D89F818E5D66D0084D142 /* PCFPushErrors.h */,
			);
			path = "Public Headers";
			sourceTree = "<group>";
		};
		F18D89F918E5D66D0084D142 /* Util */ = {
			isa = PBXGroup;
			children = (
				F146CBCE18EF2EC300D73783 /* PCFJSONValueTransformer.m */,
				F146CBCF18EF2EC300D73783 /* PCFJSONValueTransformer.h */,
				F18D89FA18E5D66D0084D142 /* PCFPushDebug.h */,
				F18D89FB18E5D66D0084D142 /* PCFPushDebug.m */,
				F18D89FC18E5D66D0084D142 /* PCFPushErrorUtil.h */,
				F18D89FD18E5D66D0084D142 /* PCFPushErrorUtil.m */,
				F18D89FE18E5D66D0084D142 /* PCFPushHardwareUtil.h */,
				F18D89FF18E5D66D0084D142 /* PCFPushHardwareUtil.m */,
				F18D8A0018E5D66D0084D142 /* PCFPushHexUtil.h */,
				F18D8A0118E5D66D0084D142 /* PCFPushHexUtil.m */,
			);
			path = Util;
			sourceTree = "<group>";
		};
		F1FDE19B18D7806B009EBE38 = {
			isa = PBXGroup;
			children = (
				F18D89D918E5D66D0084D142 /* PCFPush */,
				F1FDE1AD18D7806B009EBE38 /* PushSDKDemo */,
				F1FDE1A518D7806B009EBE38 /* Products */,
			);
			sourceTree = "<group>";
		};
		F1FDE1A518D7806B009EBE38 /* Products */ = {
			isa = PBXGroup;
			children = (
				F1FDE1A418D7806B009EBE38 /* PushSDKDemo.app */,
			);
			name = Products;
			sourceTree = "<group>";
		};
		F1FDE1AD18D7806B009EBE38 /* PushSDKDemo */ = {
			isa = PBXGroup;
			children = (
				F1FDE1DC18D78115009EBE38 /* Classes */,
				F1FDE1B618D7806B009EBE38 /* AppDelegate.h */,
				F1FDE1B718D7806B009EBE38 /* AppDelegate.m */,
				F1FDE29D18D795C0009EBE38 /* Main_iPhone.storyboard */,
				F1FDE1BF18D7806B009EBE38 /* Images.xcassets */,
				F1FDE1AE18D7806B009EBE38 /* Supporting Files */,
			);
			path = PushSDKDemo;
			sourceTree = "<group>";
		};
		F1FDE1AE18D7806B009EBE38 /* Supporting Files */ = {
			isa = PBXGroup;
			children = (
				F1FDE1AF18D7806B009EBE38 /* PushSDKDemo-Info.plist */,
				F1FDE1B018D7806B009EBE38 /* InfoPlist.strings */,
				F1FDE1B318D7806B009EBE38 /* main.m */,
				F1FDE1B518D7806B009EBE38 /* PushSDKDemo-Prefix.pch */,
			);
			name = "Supporting Files";
			sourceTree = "<group>";
		};
		F1FDE1DC18D78115009EBE38 /* Classes */ = {
			isa = PBXGroup;
			children = (
				F1FDE1DD18D78115009EBE38 /* Models */,
				F1FDE1E018D78115009EBE38 /* Network */,
				F1FDE1E318D78115009EBE38 /* Settings */,
				F1FDE1E618D78115009EBE38 /* ViewControllers */,
				F1FDE1EB18D78115009EBE38 /* Views */,
			);
			path = Classes;
			sourceTree = "<group>";
		};
		F1FDE1DD18D78115009EBE38 /* Models */ = {
			isa = PBXGroup;
			children = (
				F1FDE1DE18D78115009EBE38 /* LogItem.h */,
				F1FDE1DF18D78115009EBE38 /* LogItem.m */,
			);
			path = Models;
			sourceTree = "<group>";
		};
		F1FDE1E018D78115009EBE38 /* Network */ = {
			isa = PBXGroup;
			children = (
				F1FDE1E118D78115009EBE38 /* BackEndMessageRequest.h */,
				F1FDE1E218D78115009EBE38 /* BackEndMessageRequest.m */,
			);
			path = Network;
			sourceTree = "<group>";
		};
		F1FDE1E318D78115009EBE38 /* Settings */ = {
			isa = PBXGroup;
			children = (
				F1FDE1E418D78115009EBE38 /* Settings.h */,
				F1FDE1E518D78115009EBE38 /* Settings.m */,
			);
			path = Settings;
			sourceTree = "<group>";
		};
		F1FDE1E618D78115009EBE38 /* ViewControllers */ = {
			isa = PBXGroup;
			children = (
				F1FDE1E718D78115009EBE38 /* LogTableViewController.h */,
				F1FDE1E818D78115009EBE38 /* LogTableViewController.m */,
				F1FDE1E918D78115009EBE38 /* SettingsTableViewController.h */,
				F1FDE1EA18D78115009EBE38 /* SettingsTableViewController.m */,
			);
			path = ViewControllers;
			sourceTree = "<group>";
		};
		F1FDE1EB18D78115009EBE38 /* Views */ = {
			isa = PBXGroup;
			children = (
				F1FDE1EC18D78115009EBE38 /* LogItemCell.h */,
				F1FDE1ED18D78115009EBE38 /* LogItemCell.m */,
				F1FDE1EE18D78115009EBE38 /* LogItemCell.xib */,
			);
			path = Views;
			sourceTree = "<group>";
		};
/* End PBXGroup section */

/* Begin PBXNativeTarget section */
		F1FDE1A318D7806B009EBE38 /* PushSDKDemo */ = {
			isa = PBXNativeTarget;
			buildConfigurationList = F1FDE1D618D7806B009EBE38 /* Build configuration list for PBXNativeTarget "PushSDKDemo" */;
			buildPhases = (
				F1FDE1A018D7806B009EBE38 /* Sources */,
				F1FDE1A118D7806B009EBE38 /* Frameworks */,
				F1FDE1A218D7806B009EBE38 /* Resources */,
			);
			buildRules = (
			);
			dependencies = (
			);
			name = PushSDKDemo;
			productName = PushSDKDemo;
			productReference = F1FDE1A418D7806B009EBE38 /* PushSDKDemo.app */;
			productType = "com.apple.product-type.application";
		};
/* End PBXNativeTarget section */

/* Begin PBXProject section */
		F1FDE19C18D7806B009EBE38 /* Project object */ = {
			isa = PBXProject;
			attributes = {
				LastUpgradeCheck = 0510;
				ORGANIZATIONNAME = "DX123-XL";
			};
			buildConfigurationList = F1FDE19F18D7806B009EBE38 /* Build configuration list for PBXProject "PushSDKDemo" */;
			compatibilityVersion = "Xcode 3.2";
			developmentRegion = English;
			hasScannedForEncodings = 0;
			knownRegions = (
				en,
				Base,
			);
			mainGroup = F1FDE19B18D7806B009EBE38;
			productRefGroup = F1FDE1A518D7806B009EBE38 /* Products */;
			projectDirPath = "";
			projectRoot = "";
			targets = (
				F1FDE1A318D7806B009EBE38 /* PushSDKDemo */,
			);
		};
/* End PBXProject section */

/* Begin PBXResourcesBuildPhase section */
		F1FDE1A218D7806B009EBE38 /* Resources */ = {
			isa = PBXResourcesBuildPhase;
			buildActionMask = 2147483647;
			files = (
				F1FDE29E18D795C0009EBE38 /* Main_iPhone.storyboard in Resources */,
				F1FDE1F518D78115009EBE38 /* LogItemCell.xib in Resources */,
				F1FDE1C018D7806B009EBE38 /* Images.xcassets in Resources */,
				F1FDE1B218D7806B009EBE38 /* InfoPlist.strings in Resources */,
			);
			runOnlyForDeploymentPostprocessing = 0;
		};
/* End PBXResourcesBuildPhase section */

/* Begin PBXSourcesBuildPhase section */
		F1FDE1A018D7806B009EBE38 /* Sources */ = {
			isa = PBXSourcesBuildPhase;
			buildActionMask = 2147483647;
			files = (
				F1FDE1F318D78115009EBE38 /* SettingsTableViewController.m in Sources */,
				F18D8A0A18E5D66D0084D142 /* PCFPushRegistrationResponseData.m in Sources */,
				F18D8A3118EC89DB0084D142 /* PCFAnalyticEvent.m in Sources */,
				F114D270190716C00008BE3C /* PCFPushURLConnection.m in Sources */,
				F18D8A0B18E5D66D0084D142 /* PCFPushSDK.m in Sources */,
				F18D8A0E18E5D66D0084D142 /* PCFPushErrorUtil.m in Sources */,
				F114D27B190866280008BE3C /* PCFPushClient.m in Sources */,
				F18D8A0818E5D66D0084D142 /* PCFPushRegistrationData.m in Sources */,
				F18D8A0D18E5D66D0084D142 /* PCFPushDebug.m in Sources */,
				F18D8A0318E5D66D0084D142 /* PCFPushAppDelegateProxy.m in Sources */,
				F18D8A0C18E5D66D0084D142 /* PCFPushPersistentStorage.m in Sources */,
				F18D8A0918E5D66D0084D142 /* PCFPushRegistrationRequestData.m in Sources */,
				F1FDE1F418D78115009EBE38 /* LogItemCell.m in Sources */,
				F146CBCD18EF2EBA00D73783 /* PCFAnalytics.m in Sources */,
				F1FDE1F018D78115009EBE38 /* BackEndMessageRequest.m in Sources */,
				F18D8A0218E5D66D0084D142 /* PCFPushAppDelegate.m in Sources */,
				F18D8A0418E5D66D0084D142 /* NSURLConnection+PCFPushBackEndConnection.m in Sources */,
				F1FDE1B818D7806B009EBE38 /* AppDelegate.m in Sources */,
				F18D8A1018E5D66D0084D142 /* PCFPushHexUtil.m in Sources */,
				F1FDE1F218D78115009EBE38 /* LogTableViewController.m in Sources */,
				F1FDE1F118D78115009EBE38 /* Settings.m in Sources */,
				F18D8A0F18E5D66D0084D142 /* PCFPushHardwareUtil.m in Sources */,
				F18D8A0618E5D66D0084D142 /* PCFCoreDataManager.m in Sources */,
				F146CBD018EF2EC300D73783 /* PCFJSONValueTransformer.m in Sources */,
				F18D8A3218EC89DB0084D142 /* NSObject+PCFPushJsonizable.m in Sources */,
				F1FDE1B418D7806B009EBE38 /* main.m in Sources */,
				F1FDE1EF18D78115009EBE38 /* LogItem.m in Sources */,
				F18D8A0718E5D66D0084D142 /* PCFPushParameters.m in Sources */,
			);
			runOnlyForDeploymentPostprocessing = 0;
		};
/* End PBXSourcesBuildPhase section */

/* Begin PBXVariantGroup section */
		F1FDE1B018D7806B009EBE38 /* InfoPlist.strings */ = {
			isa = PBXVariantGroup;
			children = (
				F1FDE1B118D7806B009EBE38 /* en */,
			);
			name = InfoPlist.strings;
			sourceTree = "<group>";
		};
/* End PBXVariantGroup section */

/* Begin XCBuildConfiguration section */
		F1FDE1D418D7806B009EBE38 /* Debug */ = {
			isa = XCBuildConfiguration;
			buildSettings = {
				ALWAYS_SEARCH_USER_PATHS = NO;
				CLANG_CXX_LANGUAGE_STANDARD = "gnu++0x";
				CLANG_CXX_LIBRARY = "libc++";
				CLANG_ENABLE_MODULES = YES;
				CLANG_ENABLE_OBJC_ARC = YES;
				CLANG_WARN_BOOL_CONVERSION = YES;
				CLANG_WARN_CONSTANT_CONVERSION = YES;
				CLANG_WARN_DIRECT_OBJC_ISA_USAGE = YES_ERROR;
				CLANG_WARN_EMPTY_BODY = YES;
				CLANG_WARN_ENUM_CONVERSION = YES;
				CLANG_WARN_INT_CONVERSION = YES;
				CLANG_WARN_OBJC_ROOT_CLASS = YES_ERROR;
				CLANG_WARN__DUPLICATE_METHOD_MATCH = YES;
				"CODE_SIGN_IDENTITY[sdk=iphoneos*]" = "iPhone Developer";
				COPY_PHASE_STRIP = NO;
				GCC_C_LANGUAGE_STANDARD = gnu99;
				GCC_DYNAMIC_NO_PIC = NO;
				GCC_OPTIMIZATION_LEVEL = 0;
				GCC_PREPROCESSOR_DEFINITIONS = (
					"DEBUG=1",
					"$(inherited)",
				);
				GCC_SYMBOLS_PRIVATE_EXTERN = NO;
				GCC_WARN_64_TO_32_BIT_CONVERSION = YES;
				GCC_WARN_ABOUT_RETURN_TYPE = YES_ERROR;
				GCC_WARN_UNDECLARED_SELECTOR = YES;
				GCC_WARN_UNINITIALIZED_AUTOS = YES_AGGRESSIVE;
				GCC_WARN_UNUSED_FUNCTION = YES;
				GCC_WARN_UNUSED_VARIABLE = YES;
				IPHONEOS_DEPLOYMENT_TARGET = 7.1;
				ONLY_ACTIVE_ARCH = YES;
				SDKROOT = iphoneos;
			};
			name = Debug;
		};
		F1FDE1D518D7806B009EBE38 /* Release */ = {
			isa = XCBuildConfiguration;
			buildSettings = {
				ALWAYS_SEARCH_USER_PATHS = NO;
				CLANG_CXX_LANGUAGE_STANDARD = "gnu++0x";
				CLANG_CXX_LIBRARY = "libc++";
				CLANG_ENABLE_MODULES = YES;
				CLANG_ENABLE_OBJC_ARC = YES;
				CLANG_WARN_BOOL_CONVERSION = YES;
				CLANG_WARN_CONSTANT_CONVERSION = YES;
				CLANG_WARN_DIRECT_OBJC_ISA_USAGE = YES_ERROR;
				CLANG_WARN_EMPTY_BODY = YES;
				CLANG_WARN_ENUM_CONVERSION = YES;
				CLANG_WARN_INT_CONVERSION = YES;
				CLANG_WARN_OBJC_ROOT_CLASS = YES_ERROR;
				CLANG_WARN__DUPLICATE_METHOD_MATCH = YES;
				"CODE_SIGN_IDENTITY[sdk=iphoneos*]" = "iPhone Developer";
				COPY_PHASE_STRIP = YES;
				ENABLE_NS_ASSERTIONS = NO;
				GCC_C_LANGUAGE_STANDARD = gnu99;
				GCC_WARN_64_TO_32_BIT_CONVERSION = YES;
				GCC_WARN_ABOUT_RETURN_TYPE = YES_ERROR;
				GCC_WARN_UNDECLARED_SELECTOR = YES;
				GCC_WARN_UNINITIALIZED_AUTOS = YES_AGGRESSIVE;
				GCC_WARN_UNUSED_FUNCTION = YES;
				GCC_WARN_UNUSED_VARIABLE = YES;
				IPHONEOS_DEPLOYMENT_TARGET = 7.1;
				SDKROOT = iphoneos;
				VALIDATE_PRODUCT = YES;
			};
			name = Release;
		};
		F1FDE1D718D7806B009EBE38 /* Debug */ = {
			isa = XCBuildConfiguration;
			buildSettings = {
				ASSETCATALOG_COMPILER_APPICON_NAME = AppIcon;
				ASSETCATALOG_COMPILER_LAUNCHIMAGE_NAME = LaunchImage;
				CODE_SIGN_IDENTITY = "iPhone Developer: Robert Szumlakowski (TAAP59C578)";
				GCC_PRECOMPILE_PREFIX_HEADER = YES;
				GCC_PREFIX_HEADER = "PushSDKDemo/PushSDKDemo-Prefix.pch";
				INFOPLIST_FILE = "PushSDKDemo/PushSDKDemo-Info.plist";
				IPHONEOS_DEPLOYMENT_TARGET = 6.0;
				PRODUCT_NAME = "$(TARGET_NAME)";
				PROVISIONING_PROFILE = "533B50D2-0E76-42C5-AD77-2F2701289078";
				WRAPPER_EXTENSION = app;
			};
			name = Debug;
		};
		F1FDE1D818D7806B009EBE38 /* Release */ = {
			isa = XCBuildConfiguration;
			buildSettings = {
				ASSETCATALOG_COMPILER_APPICON_NAME = AppIcon;
				ASSETCATALOG_COMPILER_LAUNCHIMAGE_NAME = LaunchImage;
				CODE_SIGN_IDENTITY = "iPhone Developer: Robert Szumlakowski (TAAP59C578)";
				GCC_PRECOMPILE_PREFIX_HEADER = YES;
				GCC_PREFIX_HEADER = "PushSDKDemo/PushSDKDemo-Prefix.pch";
				INFOPLIST_FILE = "PushSDKDemo/PushSDKDemo-Info.plist";
				IPHONEOS_DEPLOYMENT_TARGET = 6.0;
				PRODUCT_NAME = "$(TARGET_NAME)";
				PROVISIONING_PROFILE = "533B50D2-0E76-42C5-AD77-2F2701289078";
				WRAPPER_EXTENSION = app;
			};
			name = Release;
		};
/* End XCBuildConfiguration section */

/* Begin XCConfigurationList section */
		F1FDE19F18D7806B009EBE38 /* Build configuration list for PBXProject "PushSDKDemo" */ = {
			isa = XCConfigurationList;
			buildConfigurations = (
				F1FDE1D418D7806B009EBE38 /* Debug */,
				F1FDE1D518D7806B009EBE38 /* Release */,
			);
			defaultConfigurationIsVisible = 0;
			defaultConfigurationName = Release;
		};
		F1FDE1D618D7806B009EBE38 /* Build configuration list for PBXNativeTarget "PushSDKDemo" */ = {
			isa = XCConfigurationList;
			buildConfigurations = (
				F1FDE1D718D7806B009EBE38 /* Debug */,
				F1FDE1D818D7806B009EBE38 /* Release */,
			);
			defaultConfigurationIsVisible = 0;
			defaultConfigurationName = Release;
		};
/* End XCConfigurationList section */
	};
	rootObject = F1FDE19C18D7806B009EBE38 /* Project object */;
}
