PODS:
  - Kiwi (2.4.0)
  - PCFPush (1.5.0)

DEPENDENCIES:
  - Kiwi
  - PCFPush (from `./`)

EXTERNAL SOURCES:
  PCFPush:
    :path: ./

SPEC CHECKSUMS:
  Kiwi: f49c9d54b28917df5928fe44968a39ed198cb8a8
  PCFPush: d589c736d027b5e5a7e33d167ce2b872cd5a92dd

PODFILE CHECKSUM: 11804f03fc1722c41fdff5c866e2dc6be59eacb0

COCOAPODS: 1.0.1
