PODS:
  - Kiwi (2.4.0)
  - PCFPush (1.7.0)

DEPENDENCIES:
  - Kiwi
  - PCFPush (from `./`)

EXTERNAL SOURCES:
  PCFPush:
    :path: "./"

SPEC CHECKSUMS:
  Kiwi: f49c9d54b28917df5928fe44968a39ed198cb8a8
  PCFPush: 94b1a32a64acea2b5f0f868085543f5ea1f27aa6

PODFILE CHECKSUM: 30d7e7d85ad281b0aae9fb356932da38afcd1781

COCOAPODS: 1.2.0
