PODS:
  - Kiwi (2.3.0)
  - MSSPush (0.4):
    - MSSPush/All
  - MSSPush/All (0.4):
    - MSSPush/Analytics
    - MSSPush/Push
  - MSSPush/Analytics (0.4)
  - MSSPush/Base (0.4)
  - MSSPush/Push (0.4):
    - MSSPush/Base

DEPENDENCIES:
  - Kiwi
  - MSSPush (from `../`)

EXTERNAL SOURCES:
  MSSPush:
    :path: ../

SPEC CHECKSUMS:
  Kiwi: 54bece5b35564d9b8e03c608d926f1a22fcfc589
  MSSPush: c978433ae2f6566e350f81b710fbd202bd520dd0

COCOAPODS: 0.33.1
