PODS:
  - Kiwi/ARC (2.2.4)
  - Kiwi/NonARC (2.2.4)
  - Kiwi/XCTest (2.2.4):
    - Kiwi/ARC
    - Kiwi/NonARC
  - PMSSPush (0.4):
    - PMSSPush/All
  - PMSSPush/All (0.4):
    - PMSSPush/Analytics
    - PMSSPush/Push
  - PMSSPush/Analytics (0.4)
  - PMSSPush/Push (0.4):
    - PMSSPush/SDK
  - PMSSPush/SDK (0.4)

DEPENDENCIES:
  - Kiwi/XCTest
  - PMSSPush (from `../`)

EXTERNAL SOURCES:
  PMSSPush:
    :path: ../

SPEC CHECKSUMS:
  Kiwi: c73667f2b84cbf36f1a3830267c5a4ae8dcbd8ba
  PMSSPush: 7935333e1fb8652d13b57456739b4fcd1c07dc9c

COCOAPODS: 0.33.1
