PODS:
  - Kiwi/ARC (2.2.4)
  - Kiwi/NonARC (2.2.4)
  - Kiwi/XCTest (2.2.4):
    - Kiwi/ARC
    - Kiwi/NonARC
  - PCFPush (0.4.0):
    - PCFPush/All
  - PCFPush/All (0.4.0):
    - PCFPush/Analytics
    - PCFPush/Push
  - PCFPush/Analytics (0.4.0)
  - PCFPush/Push (0.4.0):
    - PCFPush/SDK
  - PCFPush/SDK (0.4.0)

DEPENDENCIES:
  - Kiwi/XCTest
  - PCFPush (from `../`)

EXTERNAL SOURCES:
  PCFPush:
    :path: ../

SPEC CHECKSUMS:
  Kiwi: c73667f2b84cbf36f1a3830267c5a4ae8dcbd8ba
  PCFPush: b43be42560e2644ca760b8bef5ce557a5e3b197c

COCOAPODS: 0.33.1
