// !$*UTF8*$!
{
	archiveVersion = 1;
	classes = {
	};
	objectVersion = 46;
	objects = {

/* Begin PBXBuildFile section */
		113DCA921A69A8FA007DB7A0 /* Pivotal.plist in Resources */ = {isa = PBXBuildFile; fileRef = B6AAEFF215AF196CD6B9B940 /* Pivotal.plist */; };
		11F37BF71ADD62C8001011C9 /* geofence_five_items.json in Resources */ = {isa = PBXBuildFile; fileRef = 11F37BE91ADD62C8001011C9 /* geofence_five_items.json */; };
		11F37BF81ADD62C8001011C9 /* geofence_one_item.json in Resources */ = {isa = PBXBuildFile; fileRef = 11F37BEA1ADD62C8001011C9 /* geofence_one_item.json */; };
		11F37BF91ADD62C8001011C9 /* geofence_one_item_persisted_1.json in Resources */ = {isa = PBXBuildFile; fileRef = 11F37BEB1ADD62C8001011C9 /* geofence_one_item_persisted_1.json */; };
		11F37BFA1ADD62C8001011C9 /* geofence_one_item_persisted_2.json in Resources */ = {isa = PBXBuildFile; fileRef = 11F37BEC1ADD62C8001011C9 /* geofence_one_item_persisted_2.json */; };
		11F37BFB1ADD62C8001011C9 /* geofence_one_item_persisted_3.json in Resources */ = {isa = PBXBuildFile; fileRef = 11F37BED1ADD62C8001011C9 /* geofence_one_item_persisted_3.json */; };
		11F37BFC1ADD62C8001011C9 /* geofence_one_item_persisted_bad.json in Resources */ = {isa = PBXBuildFile; fileRef = 11F37BEE1ADD62C8001011C9 /* geofence_one_item_persisted_bad.json */; };
		11F37BFD1ADD62C8001011C9 /* geofence_response_data_all_items_culled.json in Resources */ = {isa = PBXBuildFile; fileRef = 11F37BEF1ADD62C8001011C9 /* geofence_response_data_all_items_culled.json */; };
		11F37BFE1ADD62C8001011C9 /* geofence_response_data_complex.json in Resources */ = {isa = PBXBuildFile; fileRef = 11F37BF01ADD62C8001011C9 /* geofence_response_data_complex.json */; };
		11F37BFF1ADD62C8001011C9 /* geofence_response_data_delete_one.json in Resources */ = {isa = PBXBuildFile; fileRef = 11F37BF11ADD62C8001011C9 /* geofence_response_data_delete_one.json */; };
		11F37C001ADD62C8001011C9 /* geofence_response_data_delete_one_other.json in Resources */ = {isa = PBXBuildFile; fileRef = 11F37BF21ADD62C8001011C9 /* geofence_response_data_delete_one_other.json */; };
		11F37C011ADD62C8001011C9 /* geofence_response_data_empty.json in Resources */ = {isa = PBXBuildFile; fileRef = 11F37BF31ADD62C8001011C9 /* geofence_response_data_empty.json */; };
		11F37C021ADD62C8001011C9 /* geofence_response_data_one_item.json in Resources */ = {isa = PBXBuildFile; fileRef = 11F37BF41ADD62C8001011C9 /* geofence_response_data_one_item.json */; };
		11F37C031ADD62C8001011C9 /* geofence_response_data_one_other_item.json in Resources */ = {isa = PBXBuildFile; fileRef = 11F37BF51ADD62C8001011C9 /* geofence_response_data_one_other_item.json */; };
		11F37C041ADD62C8001011C9 /* geofence_three_items.json in Resources */ = {isa = PBXBuildFile; fileRef = 11F37BF61ADD62C8001011C9 /* geofence_three_items.json */; };
		11F37C081ADD6F46001011C9 /* PCFPushGeofenceDataSpec.m in Sources */ = {isa = PBXBuildFile; fileRef = 11F37C071ADD6F46001011C9 /* PCFPushGeofenceDataSpec.m */; };
		11F37C0A1ADD83A7001011C9 /* PCFPushGeofenceLocationSpec.m in Sources */ = {isa = PBXBuildFile; fileRef = 11F37C091ADD83A7001011C9 /* PCFPushGeofenceLocationSpec.m */; };
		11F37C0C1ADD8C03001011C9 /* geofence_location_1.json in Resources */ = {isa = PBXBuildFile; fileRef = 11F37C0B1ADD8C03001011C9 /* geofence_location_1.json */; };
		11F37C0E1ADD9AB6001011C9 /* geofence_with_locations_1.json in Resources */ = {isa = PBXBuildFile; fileRef = 11F37C0D1ADD9AB6001011C9 /* geofence_with_locations_1.json */; };
		1D3BF7BAEFEB4B9985F53D82 /* libPods-PCFPushSpecs.a in Frameworks */ = {isa = PBXBuildFile; fileRef = D716B45334053F7BD402D0DD /* libPods-PCFPushSpecs.a */; };
		235BB251199C085200B9EE63 /* InfoPlist.strings in Resources */ = {isa = PBXBuildFile; fileRef = 235BB23A199C085200B9EE63 /* InfoPlist.strings */; };
		235BB252199C085200B9EE63 /* JRSwizzle.m in Sources */ = {isa = PBXBuildFile; fileRef = 235BB23D199C085200B9EE63 /* JRSwizzle.m */; };
		235BB253199C085200B9EE63 /* PCFClassPropertyUtility.m in Sources */ = {isa = PBXBuildFile; fileRef = 235BB23F199C085200B9EE63 /* PCFClassPropertyUtility.m */; };
		235BB254199C085200B9EE63 /* PCFPushURLConnectionSpec.m in Sources */ = {isa = PBXBuildFile; fileRef = 235BB240199C085200B9EE63 /* PCFPushURLConnectionSpec.m */; };
		235BB255199C085200B9EE63 /* PCFPushBackEndRegistrationPostRequestDataSpec.m in Sources */ = {isa = PBXBuildFile; fileRef = 235BB242199C085200B9EE63 /* PCFPushBackEndRegistrationPostRequestDataSpec.m */; };
		235BB256199C085200B9EE63 /* PCFPushBackEndRegistrationResponseDataSpec.m in Sources */ = {isa = PBXBuildFile; fileRef = 235BB244199C085200B9EE63 /* PCFPushBackEndRegistrationResponseDataSpec.m */; };
		235BB257199C085200B9EE63 /* PCFPushHexUtilSpec.m in Sources */ = {isa = PBXBuildFile; fileRef = 235BB247199C085200B9EE63 /* PCFPushHexUtilSpec.m */; };
		235BB258199C085200B9EE63 /* PCFPushPersistentStorageSpec.m in Sources */ = {isa = PBXBuildFile; fileRef = 235BB248199C085200B9EE63 /* PCFPushPersistentStorageSpec.m */; };
		235BB259199C085200B9EE63 /* PCFPushSpec.m in Sources */ = {isa = PBXBuildFile; fileRef = 235BB249199C085200B9EE63 /* PCFPushSpec.m */; };
		235BB25A199C085200B9EE63 /* PCFPushSpecsHelper.m in Sources */ = {isa = PBXBuildFile; fileRef = 235BB24B199C085200B9EE63 /* PCFPushSpecsHelper.m */; };
		235BB25C199C085200B9EE63 /* PCFRegistrationParametersSpec.m in Sources */ = {isa = PBXBuildFile; fileRef = 235BB24E199C085200B9EE63 /* PCFRegistrationParametersSpec.m */; };
		235BB25D199C085200B9EE63 /* NSURLConnection+PCFPushAsync2Sync.m in Sources */ = {isa = PBXBuildFile; fileRef = 235BB250199C085200B9EE63 /* NSURLConnection+PCFPushAsync2Sync.m */; };
		B69DB029DD6EC4142DEAC23B /* geofence_one_item_persisted_4.json in Resources */ = {isa = PBXBuildFile; fileRef = B69DB8B8004B79E41AAA3C12 /* geofence_one_item_persisted_4.json */; };
		B69DB2EC10BEC11E1505CADE /* geofence_one_item_bad_radius.json in Resources */ = {isa = PBXBuildFile; fileRef = B69DBAC46347E818249DBAE7 /* geofence_one_item_bad_radius.json */; };
		B69DB4A145327A56F17FD1F8 /* geofence_five_items_with_tags.json in Resources */ = {isa = PBXBuildFile; fileRef = B69DB2931A317F32444F08D5 /* geofence_five_items_with_tags.json */; };
		B69DB63736EFDB4921867DC2 /* PCFPushGeofenceUpdaterSpec.m in Sources */ = {isa = PBXBuildFile; fileRef = B69DB13CFE4E4FE592303B0E /* PCFPushGeofenceUpdaterSpec.m */; };
		B69DB6FC0DEEBFF0E9814EB6 /* geofence_response_data_one_item_bad_trigger.json in Resources */ = {isa = PBXBuildFile; fileRef = B69DB28E8810C33C38810700 /* geofence_response_data_one_item_bad_trigger.json */; };
		B69DB80AD5182686398758FD /* Pivotal-GeofencesDisabled.plist in Resources */ = {isa = PBXBuildFile; fileRef = B69DBBA6ADD63CCEA14802CC /* Pivotal-GeofencesDisabled.plist */; };
		B69DB855864EFF3C8A64A111 /* geofence_one_item_persisted_5.json in Resources */ = {isa = PBXBuildFile; fileRef = B69DB695AA3A9187DAFF6E1C /* geofence_one_item_persisted_5.json */; };
		B69DB881E85129B57179A77C /* geofence_status.json in Resources */ = {isa = PBXBuildFile; fileRef = B69DBAD25FFA79474C2A9724 /* geofence_status.json */; };
		B69DBAA0AFF58A8E0E8336A3 /* PCFPushGeofenceResponseData+Loaders.m in Sources */ = {isa = PBXBuildFile; fileRef = B69DB5BF328BE4F37EF7354F /* PCFPushGeofenceResponseData+Loaders.m */; };
		B69DBC468B6BA4BB464C2C1B /* PCFPushGeofenceStatusUtilSpec.m in Sources */ = {isa = PBXBuildFile; fileRef = B69DB56F0AB90D9795383DC6 /* PCFPushGeofenceStatusUtilSpec.m */; };
		B69DBC6CD4EC6094A62A5ABE /* PCFPushGeofenceRegistrarSpec.m in Sources */ = {isa = PBXBuildFile; fileRef = B69DB1E4BEB08FDFF683F036 /* PCFPushGeofenceRegistrarSpec.m */; };
		B69DBC9013D7BFD369ECFE01 /* PCFPushGeofenceStatusSpec.m in Sources */ = {isa = PBXBuildFile; fileRef = B69DB43F807692606F21D2F5 /* PCFPushGeofenceStatusSpec.m */; };
		B69DBD13EE0D7A03D7C2C186 /* PCFPushGeofenceHandlerSpec.m in Sources */ = {isa = PBXBuildFile; fileRef = B69DB760E9EB3FC425F7065C /* PCFPushGeofenceHandlerSpec.m */; };
		B69DBD2526A022C80E82BA78 /* PCFPushGeofencePersistentStoreSpec.m in Sources */ = {isa = PBXBuildFile; fileRef = B69DBFDDC883851885CD76AC /* PCFPushGeofencePersistentStoreSpec.m */; };
		B6AAE0D7441B68807E4233B9 /* PCFPushGeofenceLocationMapSpec.m in Sources */ = {isa = PBXBuildFile; fileRef = B6AAEB0DACB4E44D1452EEA8 /* PCFPushGeofenceLocationMapSpec.m */; };
		B6AAE79157694D42D559E3FE /* PCFPushGeofenceEngineSpec.m in Sources */ = {isa = PBXBuildFile; fileRef = B6AAE0116E01A3AFABE12569 /* PCFPushGeofenceEngineSpec.m */; };
		B6AAEC389EDA1FAD0F72FC84 /* PCFPushGeofenceDataListSpec.m in Sources */ = {isa = PBXBuildFile; fileRef = B6AAEDEC99C23127BF05A661 /* PCFPushGeofenceDataListSpec.m */; };
		B6AAED08898E5D6E1F11927F /* PCFPushGeofenceResponseDataSpec.m in Sources */ = {isa = PBXBuildFile; fileRef = B6AAE108449F14B20C8442ED /* PCFPushGeofenceResponseDataSpec.m */; };
		B6AAEDDDCADA3534DAD31793 /* PCFPushGeofenceDataList+Loaders.m in Sources */ = {isa = PBXBuildFile; fileRef = B6AAEA1588EEB1E98589238C /* PCFPushGeofenceDataList+Loaders.m */; };
		B6AAEE0D6C25F43D62FE3DF1 /* Pivotal-Empty.plist in Resources */ = {isa = PBXBuildFile; fileRef = B6AAEF958FD1CB06277607D7 /* Pivotal-Empty.plist */; };
		B6AAEEB4854C71C7A968F1DD /* Pivotal-ExtraParameters.plist in Resources */ = {isa = PBXBuildFile; fileRef = B6AAEAB49D1EA1D6775A4EE8 /* Pivotal-ExtraParameters.plist */; };
		D4F3AC4C19A2A120005E84FF /* PCFPushBackEndRegistrationPutRequestDataSpec.m in Sources */ = {isa = PBXBuildFile; fileRef = D4F3AC4B19A2A120005E84FF /* PCFPushBackEndRegistrationPutRequestDataSpec.m */; };
		D4F3AC5319A3A35A005E84FF /* PCFTagsHelperSpec.m in Sources */ = {isa = PBXBuildFile; fileRef = D4F3AC5219A3A35A005E84FF /* PCFTagsHelperSpec.m */; };
		F1CD947D19004FE80086A590 /* Pivotal-Valid.plist in Resources */ = {isa = PBXBuildFile; fileRef = F1CD947C19004FE80086A590 /* Pivotal-Valid.plist */; };
		F1CD94811900666F0086A590 /* Pivotal-Invalid.plist in Resources */ = {isa = PBXBuildFile; fileRef = F1CD94801900666F0086A590 /* Pivotal-Invalid.plist */; };
		F1D1295D18D9DB35002FE233 /* XCTest.framework in Frameworks */ = {isa = PBXBuildFile; fileRef = F1FDE2AD18D79A1B009EBE38 /* XCTest.framework */; };
		F1D1295E18D9DB35002FE233 /* Foundation.framework in Frameworks */ = {isa = PBXBuildFile; fileRef = F1FDE2AF18D79A1B009EBE38 /* Foundation.framework */; };
		F1D1295F18D9DB35002FE233 /* UIKit.framework in Frameworks */ = {isa = PBXBuildFile; fileRef = F1FDE2B118D79A1B009EBE38 /* UIKit.framework */; };
/* End PBXBuildFile section */

/* Begin PBXFileReference section */
		11F37BE91ADD62C8001011C9 /* geofence_five_items.json */ = {isa = PBXFileReference; fileEncoding = 4; lastKnownFileType = text.json; path = geofence_five_items.json; sourceTree = "<group>"; };
		11F37BEA1ADD62C8001011C9 /* geofence_one_item.json */ = {isa = PBXFileReference; fileEncoding = 4; lastKnownFileType = text.json; path = geofence_one_item.json; sourceTree = "<group>"; };
		11F37BEB1ADD62C8001011C9 /* geofence_one_item_persisted_1.json */ = {isa = PBXFileReference; fileEncoding = 4; lastKnownFileType = text.json; path = geofence_one_item_persisted_1.json; sourceTree = "<group>"; };
		11F37BEC1ADD62C8001011C9 /* geofence_one_item_persisted_2.json */ = {isa = PBXFileReference; fileEncoding = 4; lastKnownFileType = text.json; path = geofence_one_item_persisted_2.json; sourceTree = "<group>"; };
		11F37BED1ADD62C8001011C9 /* geofence_one_item_persisted_3.json */ = {isa = PBXFileReference; fileEncoding = 4; lastKnownFileType = text.json; path = geofence_one_item_persisted_3.json; sourceTree = "<group>"; };
		11F37BEE1ADD62C8001011C9 /* geofence_one_item_persisted_bad.json */ = {isa = PBXFileReference; fileEncoding = 4; lastKnownFileType = text.json; path = geofence_one_item_persisted_bad.json; sourceTree = "<group>"; };
		11F37BEF1ADD62C8001011C9 /* geofence_response_data_all_items_culled.json */ = {isa = PBXFileReference; fileEncoding = 4; lastKnownFileType = text.json; path = geofence_response_data_all_items_culled.json; sourceTree = "<group>"; };
		11F37BF01ADD62C8001011C9 /* geofence_response_data_complex.json */ = {isa = PBXFileReference; fileEncoding = 4; lastKnownFileType = text.json; path = geofence_response_data_complex.json; sourceTree = "<group>"; };
		11F37BF11ADD62C8001011C9 /* geofence_response_data_delete_one.json */ = {isa = PBXFileReference; fileEncoding = 4; lastKnownFileType = text.json; path = geofence_response_data_delete_one.json; sourceTree = "<group>"; };
		11F37BF21ADD62C8001011C9 /* geofence_response_data_delete_one_other.json */ = {isa = PBXFileReference; fileEncoding = 4; lastKnownFileType = text.json; path = geofence_response_data_delete_one_other.json; sourceTree = "<group>"; };
		11F37BF31ADD62C8001011C9 /* geofence_response_data_empty.json */ = {isa = PBXFileReference; fileEncoding = 4; lastKnownFileType = text.json; path = geofence_response_data_empty.json; sourceTree = "<group>"; };
		11F37BF41ADD62C8001011C9 /* geofence_response_data_one_item.json */ = {isa = PBXFileReference; fileEncoding = 4; lastKnownFileType = text.json; path = geofence_response_data_one_item.json; sourceTree = "<group>"; };
		11F37BF51ADD62C8001011C9 /* geofence_response_data_one_other_item.json */ = {isa = PBXFileReference; fileEncoding = 4; lastKnownFileType = text.json; path = geofence_response_data_one_other_item.json; sourceTree = "<group>"; };
		11F37BF61ADD62C8001011C9 /* geofence_three_items.json */ = {isa = PBXFileReference; fileEncoding = 4; lastKnownFileType = text.json; path = geofence_three_items.json; sourceTree = "<group>"; };
		11F37C071ADD6F46001011C9 /* PCFPushGeofenceDataSpec.m */ = {isa = PBXFileReference; fileEncoding = 4; lastKnownFileType = sourcecode.c.objc; path = PCFPushGeofenceDataSpec.m; sourceTree = "<group>"; };
		11F37C091ADD83A7001011C9 /* PCFPushGeofenceLocationSpec.m */ = {isa = PBXFileReference; fileEncoding = 4; lastKnownFileType = sourcecode.c.objc; path = PCFPushGeofenceLocationSpec.m; sourceTree = "<group>"; };
		11F37C0B1ADD8C03001011C9 /* geofence_location_1.json */ = {isa = PBXFileReference; fileEncoding = 4; lastKnownFileType = text.json; path = geofence_location_1.json; sourceTree = "<group>"; };
		11F37C0D1ADD9AB6001011C9 /* geofence_with_locations_1.json */ = {isa = PBXFileReference; fileEncoding = 4; lastKnownFileType = text.json; path = geofence_with_locations_1.json; sourceTree = "<group>"; };
		235BB23B199C085200B9EE63 /* en */ = {isa = PBXFileReference; lastKnownFileType = text.plist.strings; name = en; path = en.lproj/InfoPlist.strings; sourceTree = "<group>"; };
		235BB23C199C085200B9EE63 /* JRSwizzle.h */ = {isa = PBXFileReference; fileEncoding = 4; lastKnownFileType = sourcecode.c.h; path = JRSwizzle.h; sourceTree = "<group>"; };
		235BB23D199C085200B9EE63 /* JRSwizzle.m */ = {isa = PBXFileReference; fileEncoding = 4; lastKnownFileType = sourcecode.c.objc; path = JRSwizzle.m; sourceTree = "<group>"; };
		235BB23E199C085200B9EE63 /* PCFClassPropertyUtility.h */ = {isa = PBXFileReference; fileEncoding = 4; lastKnownFileType = sourcecode.c.h; path = PCFClassPropertyUtility.h; sourceTree = "<group>"; };
		235BB23F199C085200B9EE63 /* PCFClassPropertyUtility.m */ = {isa = PBXFileReference; fileEncoding = 4; lastKnownFileType = sourcecode.c.objc; path = PCFClassPropertyUtility.m; sourceTree = "<group>"; };
		235BB240199C085200B9EE63 /* PCFPushURLConnectionSpec.m */ = {isa = PBXFileReference; fileEncoding = 4; lastKnownFileType = sourcecode.c.objc; path = PCFPushURLConnectionSpec.m; sourceTree = "<group>"; };
		235BB242199C085200B9EE63 /* PCFPushBackEndRegistrationPostRequestDataSpec.m */ = {isa = PBXFileReference; fileEncoding = 4; lastKnownFileType = sourcecode.c.objc; path = PCFPushBackEndRegistrationPostRequestDataSpec.m; sourceTree = "<group>"; };
		235BB243199C085200B9EE63 /* PCFPushBackEndRegistrationRequestDataTest.h */ = {isa = PBXFileReference; fileEncoding = 4; lastKnownFileType = sourcecode.c.h; path = PCFPushBackEndRegistrationRequestDataTest.h; sourceTree = "<group>"; };
		235BB244199C085200B9EE63 /* PCFPushBackEndRegistrationResponseDataSpec.m */ = {isa = PBXFileReference; fileEncoding = 4; lastKnownFileType = sourcecode.c.objc; path = PCFPushBackEndRegistrationResponseDataSpec.m; sourceTree = "<group>"; };
		235BB245199C085200B9EE63 /* PCFPushBackEndRegistrationResponseDataTest.h */ = {isa = PBXFileReference; fileEncoding = 4; lastKnownFileType = sourcecode.c.h; path = PCFPushBackEndRegistrationResponseDataTest.h; sourceTree = "<group>"; };
		235BB246199C085200B9EE63 /* PCFPushClientTest.h */ = {isa = PBXFileReference; fileEncoding = 4; lastKnownFileType = sourcecode.c.h; path = PCFPushClientTest.h; sourceTree = "<group>"; };
		235BB247199C085200B9EE63 /* PCFPushHexUtilSpec.m */ = {isa = PBXFileReference; fileEncoding = 4; lastKnownFileType = sourcecode.c.objc; path = PCFPushHexUtilSpec.m; sourceTree = "<group>"; };
		235BB248199C085200B9EE63 /* PCFPushPersistentStorageSpec.m */ = {isa = PBXFileReference; fileEncoding = 4; lastKnownFileType = sourcecode.c.objc; path = PCFPushPersistentStorageSpec.m; sourceTree = "<group>"; };
		235BB249199C085200B9EE63 /* PCFPushSpec.m */ = {isa = PBXFileReference; fileEncoding = 4; lastKnownFileType = sourcecode.c.objc; path = PCFPushSpec.m; sourceTree = "<group>"; };
		235BB24A199C085200B9EE63 /* PCFPushSpecsHelper.h */ = {isa = PBXFileReference; fileEncoding = 4; lastKnownFileType = sourcecode.c.h; path = PCFPushSpecsHelper.h; sourceTree = "<group>"; };
		235BB24B199C085200B9EE63 /* PCFPushSpecsHelper.m */ = {isa = PBXFileReference; fileEncoding = 4; lastKnownFileType = sourcecode.c.objc; path = PCFPushSpecsHelper.m; sourceTree = "<group>"; };
		235BB24C199C085200B9EE63 /* PCFPushSpecs-Info.plist */ = {isa = PBXFileReference; fileEncoding = 4; lastKnownFileType = text.plist.xml; path = "PCFPushSpecs-Info.plist"; sourceTree = "<group>"; };
		235BB24D199C085200B9EE63 /* PCFPushSpecs-Prefix.pch */ = {isa = PBXFileReference; fileEncoding = 4; lastKnownFileType = sourcecode.c.h; path = "PCFPushSpecs-Prefix.pch"; sourceTree = "<group>"; };
		235BB24E199C085200B9EE63 /* PCFRegistrationParametersSpec.m */ = {isa = PBXFileReference; fileEncoding = 4; lastKnownFileType = sourcecode.c.objc; path = PCFRegistrationParametersSpec.m; sourceTree = "<group>"; };
		235BB24F199C085200B9EE63 /* NSURLConnection+PCFPushAsync2Sync.h */ = {isa = PBXFileReference; fileEncoding = 4; lastKnownFileType = sourcecode.c.h; path = "NSURLConnection+PCFPushAsync2Sync.h"; sourceTree = "<group>"; };
		235BB250199C085200B9EE63 /* NSURLConnection+PCFPushAsync2Sync.m */ = {isa = PBXFileReference; fileEncoding = 4; lastKnownFileType = sourcecode.c.objc; path = "NSURLConnection+PCFPushAsync2Sync.m"; sourceTree = "<group>"; };
		34012CF2F59FEE470ECEC1F2 /* Pods-PCFPushSpecs.release.xcconfig */ = {isa = PBXFileReference; includeInIndex = 1; lastKnownFileType = text.xcconfig; name = "Pods-PCFPushSpecs.release.xcconfig"; path = "../Pods/Target Support Files/Pods-PCFPushSpecs/Pods-PCFPushSpecs.release.xcconfig"; sourceTree = "<group>"; };
		48E0BEE976B04ACBAB665052 /* libPods-ios.a */ = {isa = PBXFileReference; explicitFileType = archive.ar; includeInIndex = 0; path = "libPods-ios.a"; sourceTree = BUILT_PRODUCTS_DIR; };
		65DC33CB493A38EAF1259929 /* Pods-PCFPushSpecs.debug.xcconfig */ = {isa = PBXFileReference; includeInIndex = 1; lastKnownFileType = text.xcconfig; name = "Pods-PCFPushSpecs.debug.xcconfig"; path = "../Pods/Target Support Files/Pods-PCFPushSpecs/Pods-PCFPushSpecs.debug.xcconfig"; sourceTree = "<group>"; };
		982406CD77B04192B6EA55BA /* libPods-iOSTests.a */ = {isa = PBXFileReference; explicitFileType = archive.ar; includeInIndex = 0; path = "libPods-iOSTests.a"; sourceTree = BUILT_PRODUCTS_DIR; };
		B69DB13CFE4E4FE592303B0E /* PCFPushGeofenceUpdaterSpec.m */ = {isa = PBXFileReference; fileEncoding = 4; lastKnownFileType = sourcecode.c.objc; path = PCFPushGeofenceUpdaterSpec.m; sourceTree = "<group>"; };
		B69DB1E4BEB08FDFF683F036 /* PCFPushGeofenceRegistrarSpec.m */ = {isa = PBXFileReference; fileEncoding = 4; lastKnownFileType = sourcecode.c.objc; path = PCFPushGeofenceRegistrarSpec.m; sourceTree = "<group>"; };
		B69DB28E8810C33C38810700 /* geofence_response_data_one_item_bad_trigger.json */ = {isa = PBXFileReference; lastKnownFileType = file.json; path = geofence_response_data_one_item_bad_trigger.json; sourceTree = "<group>"; };
		B69DB2931A317F32444F08D5 /* geofence_five_items_with_tags.json */ = {isa = PBXFileReference; lastKnownFileType = file.json; path = geofence_five_items_with_tags.json; sourceTree = "<group>"; };
		B69DB43F807692606F21D2F5 /* PCFPushGeofenceStatusSpec.m */ = {isa = PBXFileReference; fileEncoding = 4; lastKnownFileType = sourcecode.c.objc; path = PCFPushGeofenceStatusSpec.m; sourceTree = "<group>"; };
		B69DB56F0AB90D9795383DC6 /* PCFPushGeofenceStatusUtilSpec.m */ = {isa = PBXFileReference; fileEncoding = 4; lastKnownFileType = sourcecode.c.objc; path = PCFPushGeofenceStatusUtilSpec.m; sourceTree = "<group>"; };
		B69DB5BF328BE4F37EF7354F /* PCFPushGeofenceResponseData+Loaders.m */ = {isa = PBXFileReference; fileEncoding = 4; lastKnownFileType = sourcecode.c.objc; path = "PCFPushGeofenceResponseData+Loaders.m"; sourceTree = "<group>"; };
		B69DB695AA3A9187DAFF6E1C /* geofence_one_item_persisted_5.json */ = {isa = PBXFileReference; lastKnownFileType = file.json; path = geofence_one_item_persisted_5.json; sourceTree = "<group>"; };
		B69DB760E9EB3FC425F7065C /* PCFPushGeofenceHandlerSpec.m */ = {isa = PBXFileReference; fileEncoding = 4; lastKnownFileType = sourcecode.c.objc; path = PCFPushGeofenceHandlerSpec.m; sourceTree = "<group>"; };
		B69DB7C339931AD8EBD81D16 /* PCFPushGeofenceResponseData+Loaders.h */ = {isa = PBXFileReference; fileEncoding = 4; lastKnownFileType = sourcecode.c.h; path = "PCFPushGeofenceResponseData+Loaders.h"; sourceTree = "<group>"; };
		B69DB8B8004B79E41AAA3C12 /* geofence_one_item_persisted_4.json */ = {isa = PBXFileReference; lastKnownFileType = file.json; path = geofence_one_item_persisted_4.json; sourceTree = "<group>"; };
		B69DBAC46347E818249DBAE7 /* geofence_one_item_bad_radius.json */ = {isa = PBXFileReference; lastKnownFileType = file.json; path = geofence_one_item_bad_radius.json; sourceTree = "<group>"; };
		B69DBAD25FFA79474C2A9724 /* geofence_status.json */ = {isa = PBXFileReference; lastKnownFileType = file.json; path = geofence_status.json; sourceTree = "<group>"; };
		B69DBBA6ADD63CCEA14802CC /* Pivotal-GeofencesDisabled.plist */ = {isa = PBXFileReference; fileEncoding = 4; lastKnownFileType = text.plist; path = "Pivotal-GeofencesDisabled.plist"; sourceTree = "<group>"; };
		B69DBFDDC883851885CD76AC /* PCFPushGeofencePersistentStoreSpec.m */ = {isa = PBXFileReference; fileEncoding = 4; lastKnownFileType = sourcecode.c.objc; path = PCFPushGeofencePersistentStoreSpec.m; sourceTree = "<group>"; };
		B6AAE0116E01A3AFABE12569 /* PCFPushGeofenceEngineSpec.m */ = {isa = PBXFileReference; fileEncoding = 4; lastKnownFileType = sourcecode.c.objc; path = PCFPushGeofenceEngineSpec.m; sourceTree = "<group>"; };
		B6AAE0A90D799F3D4419C8DA /* PCFPushGeofenceDataList+Loaders.h */ = {isa = PBXFileReference; fileEncoding = 4; lastKnownFileType = sourcecode.c.h; path = "PCFPushGeofenceDataList+Loaders.h"; sourceTree = "<group>"; };
		B6AAE108449F14B20C8442ED /* PCFPushGeofenceResponseDataSpec.m */ = {isa = PBXFileReference; fileEncoding = 4; lastKnownFileType = sourcecode.c.objc; path = PCFPushGeofenceResponseDataSpec.m; sourceTree = "<group>"; };
		B6AAEA1588EEB1E98589238C /* PCFPushGeofenceDataList+Loaders.m */ = {isa = PBXFileReference; fileEncoding = 4; lastKnownFileType = sourcecode.c.objc; path = "PCFPushGeofenceDataList+Loaders.m"; sourceTree = "<group>"; };
		B6AAEAB49D1EA1D6775A4EE8 /* Pivotal-ExtraParameters.plist */ = {isa = PBXFileReference; fileEncoding = 4; lastKnownFileType = text.plist; path = "Pivotal-ExtraParameters.plist"; sourceTree = "<group>"; };
		B6AAEB0DACB4E44D1452EEA8 /* PCFPushGeofenceLocationMapSpec.m */ = {isa = PBXFileReference; fileEncoding = 4; lastKnownFileType = sourcecode.c.objc; path = PCFPushGeofenceLocationMapSpec.m; sourceTree = "<group>"; };
		B6AAEDEC99C23127BF05A661 /* PCFPushGeofenceDataListSpec.m */ = {isa = PBXFileReference; fileEncoding = 4; lastKnownFileType = sourcecode.c.objc; path = PCFPushGeofenceDataListSpec.m; sourceTree = "<group>"; };
		B6AAEF958FD1CB06277607D7 /* Pivotal-Empty.plist */ = {isa = PBXFileReference; fileEncoding = 4; lastKnownFileType = text.plist; path = "Pivotal-Empty.plist"; sourceTree = "<group>"; };
		B6AAEFF215AF196CD6B9B940 /* Pivotal.plist */ = {isa = PBXFileReference; fileEncoding = 4; lastKnownFileType = text.plist; path = Pivotal.plist; sourceTree = "<group>"; };
		D4F3AC4B19A2A120005E84FF /* PCFPushBackEndRegistrationPutRequestDataSpec.m */ = {isa = PBXFileReference; fileEncoding = 4; lastKnownFileType = sourcecode.c.objc; path = PCFPushBackEndRegistrationPutRequestDataSpec.m; sourceTree = "<group>"; };
		D4F3AC5219A3A35A005E84FF /* PCFTagsHelperSpec.m */ = {isa = PBXFileReference; fileEncoding = 4; lastKnownFileType = sourcecode.c.objc; path = PCFTagsHelperSpec.m; sourceTree = "<group>"; };
		D716B45334053F7BD402D0DD /* libPods-PCFPushSpecs.a */ = {isa = PBXFileReference; explicitFileType = archive.ar; includeInIndex = 0; path = "libPods-PCFPushSpecs.a"; sourceTree = BUILT_PRODUCTS_DIR; };
		F1CD947C19004FE80086A590 /* Pivotal-Valid.plist */ = {isa = PBXFileReference; fileEncoding = 4; lastKnownFileType = text.plist; path = "Pivotal-Valid.plist"; sourceTree = "<group>"; };
		F1CD94801900666F0086A590 /* Pivotal-Invalid.plist */ = {isa = PBXFileReference; fileEncoding = 4; lastKnownFileType = text.plist; path = "Pivotal-Invalid.plist"; sourceTree = "<group>"; };
		F1D1295C18D9DB35002FE233 /* PCFPushSpecs.xctest */ = {isa = PBXFileReference; explicitFileType = wrapper.cfbundle; includeInIndex = 0; path = PCFPushSpecs.xctest; sourceTree = BUILT_PRODUCTS_DIR; };
		F1FDE2AD18D79A1B009EBE38 /* XCTest.framework */ = {isa = PBXFileReference; lastKnownFileType = wrapper.framework; name = XCTest.framework; path = Library/Frameworks/XCTest.framework; sourceTree = DEVELOPER_DIR; };
		F1FDE2AF18D79A1B009EBE38 /* Foundation.framework */ = {isa = PBXFileReference; lastKnownFileType = wrapper.framework; name = Foundation.framework; path = Library/Frameworks/Foundation.framework; sourceTree = DEVELOPER_DIR; };
		F1FDE2B118D79A1B009EBE38 /* UIKit.framework */ = {isa = PBXFileReference; lastKnownFileType = wrapper.framework; name = UIKit.framework; path = Library/Frameworks/UIKit.framework; sourceTree = DEVELOPER_DIR; };
/* End PBXFileReference section */

/* Begin PBXFrameworksBuildPhase section */
		F1D1295918D9DB35002FE233 /* Frameworks */ = {
			isa = PBXFrameworksBuildPhase;
			buildActionMask = 2147483647;
			files = (
				F1D1295D18D9DB35002FE233 /* XCTest.framework in Frameworks */,
				F1D1295F18D9DB35002FE233 /* UIKit.framework in Frameworks */,
				F1D1295E18D9DB35002FE233 /* Foundation.framework in Frameworks */,
				1D3BF7BAEFEB4B9985F53D82 /* libPods-PCFPushSpecs.a in Frameworks */,
			);
			runOnlyForDeploymentPostprocessing = 0;
		};
/* End PBXFrameworksBuildPhase section */

/* Begin PBXGroup section */
		235BB239199C085200B9EE63 /* PCFPushSpecs */ = {
			isa = PBXGroup;
			children = (
				235BB23A199C085200B9EE63 /* InfoPlist.strings */,
				235BB23C199C085200B9EE63 /* JRSwizzle.h */,
				235BB23D199C085200B9EE63 /* JRSwizzle.m */,
				235BB23E199C085200B9EE63 /* PCFClassPropertyUtility.h */,
				235BB23F199C085200B9EE63 /* PCFClassPropertyUtility.m */,
				235BB240199C085200B9EE63 /* PCFPushURLConnectionSpec.m */,
				235BB242199C085200B9EE63 /* PCFPushBackEndRegistrationPostRequestDataSpec.m */,
				D4F3AC4B19A2A120005E84FF /* PCFPushBackEndRegistrationPutRequestDataSpec.m */,
				235BB243199C085200B9EE63 /* PCFPushBackEndRegistrationRequestDataTest.h */,
				235BB244199C085200B9EE63 /* PCFPushBackEndRegistrationResponseDataSpec.m */,
				235BB245199C085200B9EE63 /* PCFPushBackEndRegistrationResponseDataTest.h */,
				235BB246199C085200B9EE63 /* PCFPushClientTest.h */,
				11F37C071ADD6F46001011C9 /* PCFPushGeofenceDataSpec.m */,
				11F37C091ADD83A7001011C9 /* PCFPushGeofenceLocationSpec.m */,
				235BB247199C085200B9EE63 /* PCFPushHexUtilSpec.m */,
				235BB248199C085200B9EE63 /* PCFPushPersistentStorageSpec.m */,
				235BB249199C085200B9EE63 /* PCFPushSpec.m */,
				235BB24A199C085200B9EE63 /* PCFPushSpecsHelper.h */,
				235BB24B199C085200B9EE63 /* PCFPushSpecsHelper.m */,
				235BB24C199C085200B9EE63 /* PCFPushSpecs-Info.plist */,
				235BB24D199C085200B9EE63 /* PCFPushSpecs-Prefix.pch */,
				235BB24E199C085200B9EE63 /* PCFRegistrationParametersSpec.m */,
				D4F3AC5219A3A35A005E84FF /* PCFTagsHelperSpec.m */,
				235BB24F199C085200B9EE63 /* NSURLConnection+PCFPushAsync2Sync.h */,
				235BB250199C085200B9EE63 /* NSURLConnection+PCFPushAsync2Sync.m */,
				B6AAE0116E01A3AFABE12569 /* PCFPushGeofenceEngineSpec.m */,
				B6AAE108449F14B20C8442ED /* PCFPushGeofenceResponseDataSpec.m */,
				B6AAEDEC99C23127BF05A661 /* PCFPushGeofenceDataListSpec.m */,
				B6AAEA1588EEB1E98589238C /* PCFPushGeofenceDataList+Loaders.m */,
				B6AAE0A90D799F3D4419C8DA /* PCFPushGeofenceDataList+Loaders.h */,
				B6AAEB0DACB4E44D1452EEA8 /* PCFPushGeofenceLocationMapSpec.m */,
				B69DB13CFE4E4FE592303B0E /* PCFPushGeofenceUpdaterSpec.m */,
				B69DB1E4BEB08FDFF683F036 /* PCFPushGeofenceRegistrarSpec.m */,
				B69DB5BF328BE4F37EF7354F /* PCFPushGeofenceResponseData+Loaders.m */,
				B69DB7C339931AD8EBD81D16 /* PCFPushGeofenceResponseData+Loaders.h */,
				B69DBFDDC883851885CD76AC /* PCFPushGeofencePersistentStoreSpec.m */,
				B69DB760E9EB3FC425F7065C /* PCFPushGeofenceHandlerSpec.m */,
				B69DB56F0AB90D9795383DC6 /* PCFPushGeofenceStatusUtilSpec.m */,
				B69DB43F807692606F21D2F5 /* PCFPushGeofenceStatusSpec.m */,
			);
			path = PCFPushSpecs;
			sourceTree = "<group>";
		};
		7D01F4551FE635F76A15DEE5 /* Pods */ = {
			isa = PBXGroup;
			children = (
				65DC33CB493A38EAF1259929 /* Pods-PCFPushSpecs.debug.xcconfig */,
				34012CF2F59FEE470ECEC1F2 /* Pods-PCFPushSpecs.release.xcconfig */,
			);
			name = Pods;
			sourceTree = "<group>";
		};
		F1CD947B19004FC80086A590 /* Supporting Files */ = {
			isa = PBXGroup;
			children = (
				11F37C0D1ADD9AB6001011C9 /* geofence_with_locations_1.json */,
				11F37C0B1ADD8C03001011C9 /* geofence_location_1.json */,
				11F37BE91ADD62C8001011C9 /* geofence_five_items.json */,
				11F37BEA1ADD62C8001011C9 /* geofence_one_item.json */,
				11F37BEB1ADD62C8001011C9 /* geofence_one_item_persisted_1.json */,
				11F37BEC1ADD62C8001011C9 /* geofence_one_item_persisted_2.json */,
				11F37BED1ADD62C8001011C9 /* geofence_one_item_persisted_3.json */,
				11F37BEE1ADD62C8001011C9 /* geofence_one_item_persisted_bad.json */,
				11F37BEF1ADD62C8001011C9 /* geofence_response_data_all_items_culled.json */,
				11F37BF01ADD62C8001011C9 /* geofence_response_data_complex.json */,
				11F37BF11ADD62C8001011C9 /* geofence_response_data_delete_one.json */,
				11F37BF21ADD62C8001011C9 /* geofence_response_data_delete_one_other.json */,
				11F37BF31ADD62C8001011C9 /* geofence_response_data_empty.json */,
				11F37BF41ADD62C8001011C9 /* geofence_response_data_one_item.json */,
				11F37BF51ADD62C8001011C9 /* geofence_response_data_one_other_item.json */,
				11F37BF61ADD62C8001011C9 /* geofence_three_items.json */,
				F1CD94801900666F0086A590 /* Pivotal-Invalid.plist */,
				F1CD947C19004FE80086A590 /* Pivotal-Valid.plist */,
				B6AAEFF215AF196CD6B9B940 /* Pivotal.plist */,
				B6AAEF958FD1CB06277607D7 /* Pivotal-Empty.plist */,
				B6AAEAB49D1EA1D6775A4EE8 /* Pivotal-ExtraParameters.plist */,
				B69DB8B8004B79E41AAA3C12 /* geofence_one_item_persisted_4.json */,
				B69DB2931A317F32444F08D5 /* geofence_five_items_with_tags.json */,
				B69DB695AA3A9187DAFF6E1C /* geofence_one_item_persisted_5.json */,
				B69DBBA6ADD63CCEA14802CC /* Pivotal-GeofencesDisabled.plist */,
				B69DBAD25FFA79474C2A9724 /* geofence_status.json */,
				B69DBAC46347E818249DBAE7 /* geofence_one_item_bad_radius.json */,
				B69DB28E8810C33C38810700 /* geofence_response_data_one_item_bad_trigger.json */,
			);
			name = "Supporting Files";
			sourceTree = "<group>";
		};
		F1FDE29F18D799E4009EBE38 = {
			isa = PBXGroup;
			children = (
				235BB239199C085200B9EE63 /* PCFPushSpecs */,
				F1CD947B19004FC80086A590 /* Supporting Files */,
				F1FDE2AC18D79A1B009EBE38 /* Frameworks */,
				F1FDE2AB18D79A1B009EBE38 /* Products */,
				7D01F4551FE635F76A15DEE5 /* Pods */,
			);
			sourceTree = "<group>";
		};
		F1FDE2AB18D79A1B009EBE38 /* Products */ = {
			isa = PBXGroup;
			children = (
				F1D1295C18D9DB35002FE233 /* PCFPushSpecs.xctest */,
			);
			name = Products;
			sourceTree = "<group>";
		};
		F1FDE2AC18D79A1B009EBE38 /* Frameworks */ = {
			isa = PBXGroup;
			children = (
				F1FDE2AD18D79A1B009EBE38 /* XCTest.framework */,
				F1FDE2AF18D79A1B009EBE38 /* Foundation.framework */,
				F1FDE2B118D79A1B009EBE38 /* UIKit.framework */,
				48E0BEE976B04ACBAB665052 /* libPods-ios.a */,
				982406CD77B04192B6EA55BA /* libPods-iOSTests.a */,
				D716B45334053F7BD402D0DD /* libPods-PCFPushSpecs.a */,
			);
			name = Frameworks;
			sourceTree = "<group>";
		};
/* End PBXGroup section */

/* Begin PBXNativeTarget section */
		F1D1295B18D9DB35002FE233 /* PCFPushSpecs */ = {
			isa = PBXNativeTarget;
			buildConfigurationList = F1D1296918D9DB36002FE233 /* Build configuration list for PBXNativeTarget "PCFPushSpecs" */;
			buildPhases = (
				BC9AD1A02C5940CB91F67BFD /* Check Pods Manifest.lock */,
				F1D1295818D9DB35002FE233 /* Sources */,
				F1D1295918D9DB35002FE233 /* Frameworks */,
				F1D1295A18D9DB35002FE233 /* Resources */,
				8971015423DB4043A8083210 /* Copy Pods Resources */,
			);
			buildRules = (
			);
			dependencies = (
			);
			name = PCFPushSpecs;
			productName = OmniaPushTests;
			productReference = F1D1295C18D9DB35002FE233 /* PCFPushSpecs.xctest */;
			productType = "com.apple.product-type.bundle.unit-test";
		};
/* End PBXNativeTarget section */

/* Begin PBXProject section */
		F1FDE2A018D799E4009EBE38 /* Project object */ = {
			isa = PBXProject;
			attributes = {
				LastUpgradeCheck = 0600;
			};
			buildConfigurationList = F1FDE2A318D799E4009EBE38 /* Build configuration list for PBXProject "PCFPushSpecs" */;
			compatibilityVersion = "Xcode 3.2";
			developmentRegion = English;
			hasScannedForEncodings = 0;
			knownRegions = (
				en,
			);
			mainGroup = F1FDE29F18D799E4009EBE38;
			productRefGroup = F1FDE2AB18D79A1B009EBE38 /* Products */;
			projectDirPath = "";
			projectRoot = "";
			targets = (
				F1D1295B18D9DB35002FE233 /* PCFPushSpecs */,
			);
		};
/* End PBXProject section */

/* Begin PBXResourcesBuildPhase section */
		F1D1295A18D9DB35002FE233 /* Resources */ = {
			isa = PBXResourcesBuildPhase;
			buildActionMask = 2147483647;
			files = (
				113DCA921A69A8FA007DB7A0 /* Pivotal.plist in Resources */,
				11F37C031ADD62C8001011C9 /* geofence_response_data_one_other_item.json in Resources */,
				11F37BF91ADD62C8001011C9 /* geofence_one_item_persisted_1.json in Resources */,
				11F37C021ADD62C8001011C9 /* geofence_response_data_one_item.json in Resources */,
				11F37BFD1ADD62C8001011C9 /* geofence_response_data_all_items_culled.json in Resources */,
				11F37BFF1ADD62C8001011C9 /* geofence_response_data_delete_one.json in Resources */,
				11F37BFA1ADD62C8001011C9 /* geofence_one_item_persisted_2.json in Resources */,
				11F37C0C1ADD8C03001011C9 /* geofence_location_1.json in Resources */,
				11F37C001ADD62C8001011C9 /* geofence_response_data_delete_one_other.json in Resources */,
				11F37C041ADD62C8001011C9 /* geofence_three_items.json in Resources */,
				F1CD94811900666F0086A590 /* Pivotal-Invalid.plist in Resources */,
				235BB251199C085200B9EE63 /* InfoPlist.strings in Resources */,
				11F37BF81ADD62C8001011C9 /* geofence_one_item.json in Resources */,
				11F37C0E1ADD9AB6001011C9 /* geofence_with_locations_1.json in Resources */,
				F1CD947D19004FE80086A590 /* Pivotal-Valid.plist in Resources */,
				B6AAEE0D6C25F43D62FE3DF1 /* Pivotal-Empty.plist in Resources */,
				11F37BFB1ADD62C8001011C9 /* geofence_one_item_persisted_3.json in Resources */,
				11F37BFC1ADD62C8001011C9 /* geofence_one_item_persisted_bad.json in Resources */,
				11F37BF71ADD62C8001011C9 /* geofence_five_items.json in Resources */,
				11F37BFE1ADD62C8001011C9 /* geofence_response_data_complex.json in Resources */,
				11F37C011ADD62C8001011C9 /* geofence_response_data_empty.json in Resources */,
				B6AAEEB4854C71C7A968F1DD /* Pivotal-ExtraParameters.plist in Resources */,
				B69DB029DD6EC4142DEAC23B /* geofence_one_item_persisted_4.json in Resources */,
				B69DB4A145327A56F17FD1F8 /* geofence_five_items_with_tags.json in Resources */,
				B69DB855864EFF3C8A64A111 /* geofence_one_item_persisted_5.json in Resources */,
				B69DB80AD5182686398758FD /* Pivotal-GeofencesDisabled.plist in Resources */,
				B69DB881E85129B57179A77C /* geofence_status.json in Resources */,
				B69DB2EC10BEC11E1505CADE /* geofence_one_item_bad_radius.json in Resources */,
				B69DB6FC0DEEBFF0E9814EB6 /* geofence_response_data_one_item_bad_trigger.json in Resources */,
			);
			runOnlyForDeploymentPostprocessing = 0;
		};
/* End PBXResourcesBuildPhase section */

/* Begin PBXShellScriptBuildPhase section */
		8971015423DB4043A8083210 /* Copy Pods Resources */ = {
			isa = PBXShellScriptBuildPhase;
			buildActionMask = 2147483647;
			files = (
			);
			inputPaths = (
			);
			name = "Copy Pods Resources";
			outputPaths = (
			);
			runOnlyForDeploymentPostprocessing = 0;
			shellPath = /bin/sh;
			shellScript = "\"${SRCROOT}/../Pods/Target Support Files/Pods-PCFPushSpecs/Pods-PCFPushSpecs-resources.sh\"\n";
			showEnvVarsInLog = 0;
		};
		BC9AD1A02C5940CB91F67BFD /* Check Pods Manifest.lock */ = {
			isa = PBXShellScriptBuildPhase;
			buildActionMask = 2147483647;
			files = (
			);
			inputPaths = (
			);
			name = "Check Pods Manifest.lock";
			outputPaths = (
			);
			runOnlyForDeploymentPostprocessing = 0;
			shellPath = /bin/sh;
			shellScript = "diff \"${PODS_ROOT}/../Podfile.lock\" \"${PODS_ROOT}/Manifest.lock\" > /dev/null\nif [[ $? != 0 ]] ; then\n    cat << EOM\nerror: The sandbox is not in sync with the Podfile.lock. Run 'pod install' or update your CocoaPods installation.\nEOM\n    exit 1\nfi\n";
			showEnvVarsInLog = 0;
		};
/* End PBXShellScriptBuildPhase section */

/* Begin PBXSourcesBuildPhase section */
		F1D1295818D9DB35002FE233 /* Sources */ = {
			isa = PBXSourcesBuildPhase;
			buildActionMask = 2147483647;
			files = (
				235BB253199C085200B9EE63 /* PCFClassPropertyUtility.m in Sources */,
				235BB258199C085200B9EE63 /* PCFPushPersistentStorageSpec.m in Sources */,
				11F37C081ADD6F46001011C9 /* PCFPushGeofenceDataSpec.m in Sources */,
				D4F3AC4C19A2A120005E84FF /* PCFPushBackEndRegistrationPutRequestDataSpec.m in Sources */,
				235BB25A199C085200B9EE63 /* PCFPushSpecsHelper.m in Sources */,
				235BB25C199C085200B9EE63 /* PCFRegistrationParametersSpec.m in Sources */,
				235BB254199C085200B9EE63 /* PCFPushURLConnectionSpec.m in Sources */,
				235BB255199C085200B9EE63 /* PCFPushBackEndRegistrationPostRequestDataSpec.m in Sources */,
				235BB256199C085200B9EE63 /* PCFPushBackEndRegistrationResponseDataSpec.m in Sources */,
				11F37C0A1ADD83A7001011C9 /* PCFPushGeofenceLocationSpec.m in Sources */,
				D4F3AC5319A3A35A005E84FF /* PCFTagsHelperSpec.m in Sources */,
				235BB257199C085200B9EE63 /* PCFPushHexUtilSpec.m in Sources */,
				235BB259199C085200B9EE63 /* PCFPushSpec.m in Sources */,
				235BB252199C085200B9EE63 /* JRSwizzle.m in Sources */,
				235BB25D199C085200B9EE63 /* NSURLConnection+PCFPushAsync2Sync.m in Sources */,
				B6AAE79157694D42D559E3FE /* PCFPushGeofenceEngineSpec.m in Sources */,
				B6AAED08898E5D6E1F11927F /* PCFPushGeofenceResponseDataSpec.m in Sources */,
				B6AAEC389EDA1FAD0F72FC84 /* PCFPushGeofenceDataListSpec.m in Sources */,
				B6AAEDDDCADA3534DAD31793 /* PCFPushGeofenceDataList+Loaders.m in Sources */,
				B6AAE0D7441B68807E4233B9 /* PCFPushGeofenceLocationMapSpec.m in Sources */,
				B69DB63736EFDB4921867DC2 /* PCFPushGeofenceUpdaterSpec.m in Sources */,
				B69DBC6CD4EC6094A62A5ABE /* PCFPushGeofenceRegistrarSpec.m in Sources */,
				B69DBAA0AFF58A8E0E8336A3 /* PCFPushGeofenceResponseData+Loaders.m in Sources */,
				B69DBD2526A022C80E82BA78 /* PCFPushGeofencePersistentStoreSpec.m in Sources */,
				B69DBD13EE0D7A03D7C2C186 /* PCFPushGeofenceHandlerSpec.m in Sources */,
				B69DBC468B6BA4BB464C2C1B /* PCFPushGeofenceStatusUtilSpec.m in Sources */,
				B69DBC9013D7BFD369ECFE01 /* PCFPushGeofenceStatusSpec.m in Sources */,
			);
			runOnlyForDeploymentPostprocessing = 0;
		};
/* End PBXSourcesBuildPhase section */

/* Begin PBXVariantGroup section */
		235BB23A199C085200B9EE63 /* InfoPlist.strings */ = {
			isa = PBXVariantGroup;
			children = (
				235BB23B199C085200B9EE63 /* en */,
			);
			name = InfoPlist.strings;
			sourceTree = "<group>";
		};
/* End PBXVariantGroup section */

/* Begin XCBuildConfiguration section */
		F1D1296A18D9DB36002FE233 /* Debug */ = {
			isa = XCBuildConfiguration;
			baseConfigurationReference = 65DC33CB493A38EAF1259929 /* Pods-PCFPushSpecs.debug.xcconfig */;
			buildSettings = {
				ALWAYS_SEARCH_USER_PATHS = NO;
				CLANG_CXX_LANGUAGE_STANDARD = "gnu++0x";
				CLANG_CXX_LIBRARY = "libc++";
				CLANG_ENABLE_MODULES = YES;
				CLANG_ENABLE_OBJC_ARC = YES;
				CLANG_WARN_BOOL_CONVERSION = YES;
				CLANG_WARN_CONSTANT_CONVERSION = YES;
				CLANG_WARN_DIRECT_OBJC_ISA_USAGE = YES_ERROR;
				CLANG_WARN_EMPTY_BODY = YES;
				CLANG_WARN_ENUM_CONVERSION = YES;
				CLANG_WARN_INT_CONVERSION = YES;
				CLANG_WARN_OBJC_ROOT_CLASS = YES_ERROR;
				CLANG_WARN__DUPLICATE_METHOD_MATCH = YES;
				COPY_PHASE_STRIP = NO;
				FRAMEWORK_SEARCH_PATHS = (
					"$(SDKROOT)/Developer/Library/Frameworks",
					"$(inherited)",
					"$(DEVELOPER_FRAMEWORKS_DIR)",
				);
				GCC_C_LANGUAGE_STANDARD = gnu99;
				GCC_DYNAMIC_NO_PIC = NO;
				GCC_GENERATE_TEST_COVERAGE_FILES = YES;
				GCC_INSTRUMENT_PROGRAM_FLOW_ARCS = YES;
				GCC_OPTIMIZATION_LEVEL = 0;
				GCC_PRECOMPILE_PREFIX_HEADER = YES;
				GCC_PREFIX_HEADER = "PCFPushSpecs/PCFPushSpecs-Prefix.pch";
				GCC_PREPROCESSOR_DEFINITIONS = (
					"DEBUG=1",
					"$(inherited)",
				);
				GCC_SYMBOLS_PRIVATE_EXTERN = NO;
				GCC_WARN_64_TO_32_BIT_CONVERSION = YES;
				GCC_WARN_ABOUT_RETURN_TYPE = YES_ERROR;
				GCC_WARN_UNDECLARED_SELECTOR = YES;
				GCC_WARN_UNINITIALIZED_AUTOS = YES_AGGRESSIVE;
				GCC_WARN_UNUSED_FUNCTION = YES;
				GCC_WARN_UNUSED_VARIABLE = YES;
				INFOPLIST_FILE = "PCFPushSpecs/PCFPushSpecs-Info.plist";
				IPHONEOS_DEPLOYMENT_TARGET = 7.0;
				ONLY_ACTIVE_ARCH = YES;
				PRODUCT_NAME = "$(TARGET_NAME)";
				SDKROOT = iphoneos;
				USER_HEADER_SEARCH_PATHS = "\"${PROJECT_DIR}/Pods\"/** \"${PROJECT_DIR}/Pods\"/**";
				WRAPPER_EXTENSION = xctest;
			};
			name = Debug;
		};
		F1D1296B18D9DB36002FE233 /* Release */ = {
			isa = XCBuildConfiguration;
			baseConfigurationReference = 34012CF2F59FEE470ECEC1F2 /* Pods-PCFPushSpecs.release.xcconfig */;
			buildSettings = {
				ALWAYS_SEARCH_USER_PATHS = NO;
				CLANG_CXX_LANGUAGE_STANDARD = "gnu++0x";
				CLANG_CXX_LIBRARY = "libc++";
				CLANG_ENABLE_MODULES = YES;
				CLANG_ENABLE_OBJC_ARC = YES;
				CLANG_WARN_BOOL_CONVERSION = YES;
				CLANG_WARN_CONSTANT_CONVERSION = YES;
				CLANG_WARN_DIRECT_OBJC_ISA_USAGE = YES_ERROR;
				CLANG_WARN_EMPTY_BODY = YES;
				CLANG_WARN_ENUM_CONVERSION = YES;
				CLANG_WARN_INT_CONVERSION = YES;
				CLANG_WARN_OBJC_ROOT_CLASS = YES_ERROR;
				CLANG_WARN__DUPLICATE_METHOD_MATCH = YES;
				COPY_PHASE_STRIP = YES;
				ENABLE_NS_ASSERTIONS = NO;
				FRAMEWORK_SEARCH_PATHS = (
					"$(SDKROOT)/Developer/Library/Frameworks",
					"$(inherited)",
					"$(DEVELOPER_FRAMEWORKS_DIR)",
				);
				GCC_C_LANGUAGE_STANDARD = gnu99;
				GCC_GENERATE_TEST_COVERAGE_FILES = YES;
				GCC_INSTRUMENT_PROGRAM_FLOW_ARCS = YES;
				GCC_PRECOMPILE_PREFIX_HEADER = YES;
				GCC_PREFIX_HEADER = "PCFPushSpecs/PCFPushSpecs-Prefix.pch";
				GCC_WARN_64_TO_32_BIT_CONVERSION = YES;
				GCC_WARN_ABOUT_RETURN_TYPE = YES_ERROR;
				GCC_WARN_UNDECLARED_SELECTOR = YES;
				GCC_WARN_UNINITIALIZED_AUTOS = YES_AGGRESSIVE;
				GCC_WARN_UNUSED_FUNCTION = YES;
				GCC_WARN_UNUSED_VARIABLE = YES;
				INFOPLIST_FILE = "PCFPushSpecs/PCFPushSpecs-Info.plist";
				IPHONEOS_DEPLOYMENT_TARGET = 7.0;
				PRODUCT_NAME = "$(TARGET_NAME)";
				SDKROOT = iphoneos;
				USER_HEADER_SEARCH_PATHS = "\"${PROJECT_DIR}/Pods\"/** \"${PROJECT_DIR}/Pods\"/**";
				VALIDATE_PRODUCT = YES;
				WRAPPER_EXTENSION = xctest;
			};
			name = Release;
		};
		F1FDE2A418D799E4009EBE38 /* Debug */ = {
			isa = XCBuildConfiguration;
			buildSettings = {
				ONLY_ACTIVE_ARCH = YES;
			};
			name = Debug;
		};
		F1FDE2A518D799E4009EBE38 /* Release */ = {
			isa = XCBuildConfiguration;
			buildSettings = {
			};
			name = Release;
		};
/* End XCBuildConfiguration section */

/* Begin XCConfigurationList section */
		F1D1296918D9DB36002FE233 /* Build configuration list for PBXNativeTarget "PCFPushSpecs" */ = {
			isa = XCConfigurationList;
			buildConfigurations = (
				F1D1296A18D9DB36002FE233 /* Debug */,
				F1D1296B18D9DB36002FE233 /* Release */,
			);
			defaultConfigurationIsVisible = 0;
			defaultConfigurationName = Release;
		};
		F1FDE2A318D799E4009EBE38 /* Build configuration list for PBXProject "PCFPushSpecs" */ = {
			isa = XCConfigurationList;
			buildConfigurations = (
				F1FDE2A418D799E4009EBE38 /* Debug */,
				F1FDE2A518D799E4009EBE38 /* Release */,
			);
			defaultConfigurationIsVisible = 0;
			defaultConfigurationName = Release;
		};
/* End XCConfigurationList section */
	};
	rootObject = F1FDE2A018D799E4009EBE38 /* Project object */;
}
